<?xml version="1.0" encoding="utf-8"?>
<Project ToolsVersion="4.0" xmlns="http://schemas.microsoft.com/developer/msbuild/2003">
  <ItemGroup>
    <Filter Include="Resource Files">
      <UniqueIdentifier>{2abb2540-b3e4-42d0-9da6-a260cbe6a20c}</UniqueIdentifier>
      <Extensions>ico;cur;bmp;dlg;rc2;rct;bin;rgs;gif;jpg;jpeg;jpe</Extensions>
    </Filter>
    <Filter Include="N3Base">
      <UniqueIdentifier>{106783f8-f234-4ea6-b70c-67e907380f5b}</UniqueIdentifier>
    </Filter>
    <Filter Include="N3Base\N3UI">
      <UniqueIdentifier>{23750b3c-b3e7-4a67-bc58-bd918da800bb}</UniqueIdentifier>
    </Filter>
    <Filter Include="N3Base\Core">
      <UniqueIdentifier>{0623563b-78c0-415a-803a-6def5e73ab15}</UniqueIdentifier>
    </Filter>
    <Filter Include="SoundMgr">
      <UniqueIdentifier>{f192a281-6065-48cf-be79-ff1c9663f47f}</UniqueIdentifier>
    </Filter>
    <Filter Include="Network">
      <UniqueIdentifier>{d0fd77dc-4253-4719-9482-14709412ea81}</UniqueIdentifier>
    </Filter>
    <Filter Include="Procedure - Character Create">
      <UniqueIdentifier>{c30a6e49-add1-4139-b995-9422e19cac9e}</UniqueIdentifier>
    </Filter>
    <Filter Include="Procedure - Character Select">
      <UniqueIdentifier>{479f97ff-4901-4516-bb86-25fa827396b0}</UniqueIdentifier>
    </Filter>
    <Filter Include="Procedure - Main">
      <UniqueIdentifier>{e9fb0d46-9ba5-4815-9560-0e8823a989d1}</UniqueIdentifier>
    </Filter>
    <Filter Include="Procedure - Main\Player">
      <UniqueIdentifier>{3b6faa36-e7a5-4593-ba68-3ddcfccd72b6}</UniqueIdentifier>
    </Filter>
    <Filter Include="Procedure - Main\Player\Common">
      <UniqueIdentifier>{3dc1201b-e5ad-4f67-9cb0-6907388f0fbc}</UniqueIdentifier>
    </Filter>
    <Filter Include="Procedure - Main\Player\Machine">
      <UniqueIdentifier>{d941fc28-5830-4a44-8886-fa2a3d94eb61}</UniqueIdentifier>
    </Filter>
    <Filter Include="Procedure - Main\FX">
      <UniqueIdentifier>{7765fae6-15c8-4704-9f19-b6feba0c70f5}</UniqueIdentifier>
    </Filter>
    <Filter Include="Procedure - Main\UI">
      <UniqueIdentifier>{c5bbc1e4-85a8-4481-a71f-65c55e0c1392}</UniqueIdentifier>
    </Filter>
    <Filter Include="Procedure - Main\UI\UI%28Item Relative%29">
      <UniqueIdentifier>{cbe95689-5cb6-4904-922b-e88448bad1ec}</UniqueIdentifier>
    </Filter>
    <Filter Include="Procedure - Main\UI\UI%28Icon Basic%29">
      <UniqueIdentifier>{e5dd1ad9-88b9-4115-8996-a85648308f2d}</UniqueIdentifier>
    </Filter>
    <Filter Include="Procedure - Main\UI\UI%28Skill Relative%29">
      <UniqueIdentifier>{1de39273-f1cf-46a8-a2bb-4d314c7a4af6}</UniqueIdentifier>
    </Filter>
    <Filter Include="Procedure - Main\UI\UI%28Exchange &amp; Repair%29">
      <UniqueIdentifier>{2f2a14ba-bd7c-42aa-b2e8-3b95499aa747}</UniqueIdentifier>
    </Filter>
    <Filter Include="Procedure - Main\UI\UI%28Change &amp; Init%29">
      <UniqueIdentifier>{6770b0bd-16c4-44a7-b979-c405ae76d5ab}</UniqueIdentifier>
    </Filter>
    <Filter Include="Procedure - Main\UI\UI%28Inn%29">
      <UniqueIdentifier>{9dce0082-b87b-42e6-a9e0-f92a4033e1a5}</UniqueIdentifier>
    </Filter>
    <Filter Include="Procedure - Main\Procedure[Sub] - PerTrade">
      <UniqueIdentifier>{9ba56b7f-73aa-4c85-8c69-efce47b1624d}</UniqueIdentifier>
    </Filter>
    <Filter Include="Procedure - Main\MagicSkill">
      <UniqueIdentifier>{fb7653b8-709b-478a-ad5d-3944acbeddb5}</UniqueIdentifier>
    </Filter>
    <Filter Include="Procedure - Main\World Manager">
      <UniqueIdentifier>{1b1c77e9-f66c-4c2f-9cf9-e3bfbdbb539c}</UniqueIdentifier>
    </Filter>
    <Filter Include="Procedure - Main\World Manager\Terrain Manager">
      <UniqueIdentifier>{586bc98e-7f3e-4204-9fca-e00199b0db71}</UniqueIdentifier>
    </Filter>
    <Filter Include="Procedure - Main\World Manager\Terrain Manager\N3Sky">
      <UniqueIdentifier>{ae375d29-e87e-435f-bfad-5feb34c20281}</UniqueIdentifier>
    </Filter>
    <Filter Include="Procedure - Main\World Manager\Terrain Manager\N3Terrain">
      <UniqueIdentifier>{762179a3-24ca-42db-affe-8eb1708a3d5c}</UniqueIdentifier>
    </Filter>
    <Filter Include="Procedure - Main\World Manager\Terrain Manager\N3ShapeMgr">
      <UniqueIdentifier>{40f41a44-113a-4fb6-991f-7f9dfe7cdc41}</UniqueIdentifier>
    </Filter>
    <Filter Include="Procedure - Main\World Manager\Terrain Manager\Misc">
      <UniqueIdentifier>{45d758d7-0429-4b76-9af4-533b5681acaf}</UniqueIdentifier>
    </Filter>
    <Filter Include="Procedure - Main\World Manager\Dungeon Manager">
      <UniqueIdentifier>{392eb021-5b9b-41b7-99a6-1c9d3864feba}</UniqueIdentifier>
    </Filter>
    <Filter Include="Procedure - Main\World Manager\Dungeon Manager\PVS">
      <UniqueIdentifier>{e752e753-a26e-426e-a76a-722f7cda0b95}</UniqueIdentifier>
    </Filter>
    <Filter Include="Procedure - Option">
      <UniqueIdentifier>{66f3aed8-8447-4ee5-8987-538f14b745cd}</UniqueIdentifier>
    </Filter>
    <Filter Include="Procedure - Nation Select">
      <UniqueIdentifier>{6b9ec40f-0aeb-4b17-a79e-7d7e680233de}</UniqueIdentifier>
    </Filter>
    <Filter Include="Knight Charactor">
      <UniqueIdentifier>{3ce6b0c5-f540-4d6b-a1bb-fce034a75730}</UniqueIdentifier>
    </Filter>
    <Filter Include="Procedure - LogIn">
      <UniqueIdentifier>{634682a6-e24b-4e52-80ae-098873616520}</UniqueIdentifier>
    </Filter>
    <Filter Include="Reference Header">
      <UniqueIdentifier>{c24692ea-e772-4454-8222-6f4117cda355}</UniqueIdentifier>
    </Filter>
  </ItemGroup>
  <ItemGroup>
    <ClInclude Include="resource.h">
      <Filter>Resource Files</Filter>
    </ClInclude>
    <ClInclude Include="..\N3Base\N3UIBase.h">
      <Filter>N3Base\N3UI</Filter>
    </ClInclude>
    <ClInclude Include="..\N3Base\N3UIButton.h">
      <Filter>N3Base\N3UI</Filter>
    </ClInclude>
    <ClInclude Include="..\N3Base\N3UIDef.h">
      <Filter>N3Base\N3UI</Filter>
    </ClInclude>
    <ClInclude Include="..\N3Base\N3UIEdit.h">
      <Filter>N3Base\N3UI</Filter>
    </ClInclude>
    <ClInclude Include="..\N3Base\N3UIImage.h">
      <Filter>N3Base\N3UI</Filter>
    </ClInclude>
    <ClInclude Include="..\N3BASE\N3UIList.h">
      <Filter>N3Base\N3UI</Filter>
    </ClInclude>
    <ClInclude Include="..\N3Base\N3UIProgress.h">
      <Filter>N3Base\N3UI</Filter>
    </ClInclude>
    <ClInclude Include="..\N3Base\N3UIScrollBar.h">
      <Filter>N3Base\N3UI</Filter>
    </ClInclude>
    <ClInclude Include="..\N3Base\N3UIStatic.h">
      <Filter>N3Base\N3UI</Filter>
    </ClInclude>
    <ClInclude Include="..\N3Base\N3UIString.h">
      <Filter>N3Base\N3UI</Filter>
    </ClInclude>
    <ClInclude Include="..\N3Base\N3UITooltip.h">
      <Filter>N3Base\N3UI</Filter>
    </ClInclude>
    <ClInclude Include="..\N3Base\N3UITrackBar.h">
      <Filter>N3Base\N3UI</Filter>
    </ClInclude>
    <ClInclude Include="..\N3Base\BitMapFile.h">
      <Filter>N3Base\Core</Filter>
    </ClInclude>
    <ClInclude Include="..\N3BASE\DFont.h">
      <Filter>N3Base\Core</Filter>
    </ClInclude>
    <ClInclude Include="..\N3Base\JPEG.H">
      <Filter>N3Base\Core</Filter>
    </ClInclude>
    <ClInclude Include="..\N3BASE\LogWriter.h">
      <Filter>N3Base\Core</Filter>
    </ClInclude>
    <ClInclude Include="..\N3Base\My_3DStruct.h">
      <Filter>N3Base\Core</Filter>
    </ClInclude>
    <ClInclude Include="..\N3Base\N3AlphaPrimitiveManager.h">
      <Filter>N3Base\Core</Filter>
    </ClInclude>
    <ClInclude Include="..\N3BASE\N3AnimatedTexures.h">
      <Filter>N3Base\Core</Filter>
    </ClInclude>
    <ClInclude Include="..\N3Base\N3AnimControl.h">
      <Filter>N3Base\Core</Filter>
    </ClInclude>
    <ClInclude Include="..\N3Base\N3AnimKey.h">
      <Filter>N3Base\Core</Filter>
    </ClInclude>
    <ClInclude Include="..\N3Base\N3Base.h">
      <Filter>N3Base\Core</Filter>
    </ClInclude>
    <ClInclude Include="..\N3Base\N3BaseFileAccess.h">
      <Filter>N3Base\Core</Filter>
    </ClInclude>
    <ClInclude Include="..\N3Base\N3Board.h">
      <Filter>N3Base\Core</Filter>
    </ClInclude>
    <ClInclude Include="..\N3Base\N3Camera.h">
      <Filter>N3Base\Core</Filter>
    </ClInclude>
    <ClInclude Include="..\N3BASE\N3Cloak.h">
      <Filter>N3Base\Core</Filter>
    </ClInclude>
    <ClInclude Include="..\N3Base\N3Eng.h">
      <Filter>N3Base\Core</Filter>
    </ClInclude>
    <ClInclude Include="..\N3BASE\N3FXPlug.h">
      <Filter>N3Base\Core</Filter>
    </ClInclude>
    <ClInclude Include="..\N3Base\N3IMesh.h">
      <Filter>N3Base\Core</Filter>
    </ClInclude>
    <ClInclude Include="..\N3Base\N3Joint.h">
      <Filter>N3Base\Core</Filter>
    </ClInclude>
    <ClInclude Include="..\N3Base\N3Light.h">
      <Filter>N3Base\Core</Filter>
    </ClInclude>
    <ClInclude Include="..\N3Base\N3Mesh.h">
      <Filter>N3Base\Core</Filter>
    </ClInclude>
    <ClInclude Include="..\N3Base\N3Mng.h">
      <Filter>N3Base\Core</Filter>
    </ClInclude>
    <ClInclude Include="..\N3Base\N3PMesh.h">
      <Filter>N3Base\Core</Filter>
    </ClInclude>
    <ClInclude Include="..\N3Base\N3PMeshInstance.h">
      <Filter>N3Base\Core</Filter>
    </ClInclude>
    <ClInclude Include="..\N3Base\N3Shape.h">
      <Filter>N3Base\Core</Filter>
    </ClInclude>
    <ClInclude Include="..\N3Base\N3ShapeExtra.h">
      <Filter>N3Base\Core</Filter>
    </ClInclude>
    <ClInclude Include="..\N3BASE\N3TableBase.h">
      <Filter>N3Base\Core</Filter>
    </ClInclude>
    <ClInclude Include="..\N3Base\N3Texture.h">
      <Filter>N3Base\Core</Filter>
    </ClInclude>
    <ClInclude Include="..\N3Base\N3Transform.h">
      <Filter>N3Base\Core</Filter>
    </ClInclude>
    <ClInclude Include="..\N3Base\N3TransformCollision.h">
      <Filter>N3Base\Core</Filter>
    </ClInclude>
    <ClInclude Include="..\N3Base\N3VMesh.h">
      <Filter>N3Base\Core</Filter>
    </ClInclude>
    <ClInclude Include="..\N3Base\StdAfxBase.h">
      <Filter>N3Base\Core</Filter>
    </ClInclude>
    <ClInclude Include="..\N3BASE\N3SndDef.h">
      <Filter>SoundMgr</Filter>
    </ClInclude>
    <ClInclude Include="..\N3BASE\N3SndMgr.h">
      <Filter>SoundMgr</Filter>
    </ClInclude>
    <ClInclude Include="..\N3BASE\N3SndObj.h">
      <Filter>SoundMgr</Filter>
    </ClInclude>
    <ClInclude Include="..\N3BASE\N3SndObjStream.h">
      <Filter>SoundMgr</Filter>
    </ClInclude>
    <ClInclude Include="..\N3BASE\WaveFile.h">
      <Filter>SoundMgr</Filter>
    </ClInclude>
    <ClInclude Include="APISocket.h">
      <Filter>Network</Filter>
    </ClInclude>
    <ClInclude Include="Compress.h">
      <Filter>Network</Filter>
    </ClInclude>
    <ClInclude Include="IMPLODE.H">
      <Filter>Network</Filter>
    </ClInclude>
    <ClInclude Include="JvCryption.h">
      <Filter>Network</Filter>
    </ClInclude>
    <ClInclude Include="PacketDef.h">
      <Filter>Network</Filter>
    </ClInclude>
    <ClInclude Include="GameProcCharacterCreate.h">
      <Filter>Procedure - Character Create</Filter>
    </ClInclude>
    <ClInclude Include="UICharacterCreate.h">
      <Filter>Procedure - Character Create</Filter>
    </ClInclude>
    <ClInclude Include="GameProcCharacterSelect.h">
      <Filter>Procedure - Character Select</Filter>
    </ClInclude>
    <ClInclude Include="UICharacterSelect.h">
      <Filter>Procedure - Character Select</Filter>
    </ClInclude>
    <ClInclude Include="Bitset.h">
      <Filter>Procedure - Main\Player\Common</Filter>
    </ClInclude>
    <ClInclude Include="..\N3Base\N3Chr.h">
      <Filter>Procedure - Main\Player\Common</Filter>
    </ClInclude>
    <ClInclude Include="..\N3Base\N3Skin.h">
      <Filter>Procedure - Main\Player\Common</Filter>
    </ClInclude>
    <ClInclude Include="PlayerBase.h">
      <Filter>Procedure - Main\Player\Common</Filter>
    </ClInclude>
    <ClInclude Include="PlayerNPC.h">
      <Filter>Procedure - Main\Player\Common</Filter>
    </ClInclude>
    <ClInclude Include="Catapult.h">
      <Filter>Procedure - Main\Player\Machine</Filter>
    </ClInclude>
    <ClInclude Include="MachineBase.h">
      <Filter>Procedure - Main\Player\Machine</Filter>
    </ClInclude>
    <ClInclude Include="MachineMng.h">
      <Filter>Procedure - Main\Player\Machine</Filter>
    </ClInclude>
    <ClInclude Include="PlayerMySelf.h">
      <Filter>Procedure - Main\Player</Filter>
    </ClInclude>
    <ClInclude Include="PlayerOther.h">
      <Filter>Procedure - Main\Player</Filter>
    </ClInclude>
    <ClInclude Include="PlayerOtherMgr.h">
      <Filter>Procedure - Main\Player</Filter>
    </ClInclude>
    <ClInclude Include="..\N3Base\N3FXBundle.h">
      <Filter>Procedure - Main\FX</Filter>
    </ClInclude>
    <ClInclude Include="N3FXBundleGame.h">
      <Filter>Procedure - Main\FX</Filter>
    </ClInclude>
    <ClInclude Include="..\N3Base\N3FXDef.h">
      <Filter>Procedure - Main\FX</Filter>
    </ClInclude>
    <ClInclude Include="N3FXMgr.h">
      <Filter>Procedure - Main\FX</Filter>
    </ClInclude>
    <ClInclude Include="..\N3Base\N3FXPartBase.h">
      <Filter>Procedure - Main\FX</Filter>
    </ClInclude>
    <ClInclude Include="..\N3Base\N3FXPartBillBoard.h">
      <Filter>Procedure - Main\FX</Filter>
    </ClInclude>
    <ClInclude Include="N3FXPartBillBoardGame.h">
      <Filter>Procedure - Main\FX</Filter>
    </ClInclude>
    <ClInclude Include="..\N3Base\N3FXPartBottomBoard.h">
      <Filter>Procedure - Main\FX</Filter>
    </ClInclude>
    <ClInclude Include="N3FXPartBottomBoardGame.h">
      <Filter>Procedure - Main\FX</Filter>
    </ClInclude>
    <ClInclude Include="..\N3Base\N3FXParticle.h">
      <Filter>Procedure - Main\FX</Filter>
    </ClInclude>
    <ClInclude Include="..\N3Base\N3FXPartMesh.h">
      <Filter>Procedure - Main\FX</Filter>
    </ClInclude>
    <ClInclude Include="..\N3Base\N3FXPartParticles.h">
      <Filter>Procedure - Main\FX</Filter>
    </ClInclude>
    <ClInclude Include="..\N3Base\N3FXPMesh.h">
      <Filter>Procedure - Main\FX</Filter>
    </ClInclude>
    <ClInclude Include="..\N3BASE\N3FXPMeshInstance.h">
      <Filter>Procedure - Main\FX</Filter>
    </ClInclude>
    <ClInclude Include="..\N3Base\N3FXShape.h">
      <Filter>Procedure - Main\FX</Filter>
    </ClInclude>
    <ClInclude Include="CountableItemEditDlg.h">
      <Filter>Procedure - Main\UI\UI%28Item Relative%29</Filter>
    </ClInclude>
    <ClInclude Include="UIDroppedItemDlg.h">
      <Filter>Procedure - Main\UI\UI%28Item Relative%29</Filter>
    </ClInclude>
    <ClInclude Include="UIImageTooltipDlg.h">
      <Filter>Procedure - Main\UI\UI%28Item Relative%29</Filter>
    </ClInclude>
    <ClInclude Include="UIInventory.h">
      <Filter>Procedure - Main\UI\UI%28Item Relative%29</Filter>
    </ClInclude>
    <ClInclude Include="UITransactionDlg.h">
      <Filter>Procedure - Main\UI\UI%28Item Relative%29</Filter>
    </ClInclude>
    <ClInclude Include="UIWareHouseDlg.h">
      <Filter>Procedure - Main\UI\UI%28Item Relative%29</Filter>
    </ClInclude>
    <ClInclude Include="..\N3BASE\N3UIArea.h">
      <Filter>Procedure - Main\UI\UI%28Icon Basic%29</Filter>
    </ClInclude>
    <ClInclude Include="N3UIIcon.h">
      <Filter>Procedure - Main\UI\UI%28Icon Basic%29</Filter>
    </ClInclude>
    <ClInclude Include="N3UIWndBase.h">
      <Filter>Procedure - Main\UI\UI%28Icon Basic%29</Filter>
    </ClInclude>
    <ClInclude Include="UINPCEvent.h">
      <Filter>Procedure - Main\UI\UI%28Icon Basic%29</Filter>
    </ClInclude>
    <ClInclude Include="UINpcTalk.h">
      <Filter>Procedure - Main\UI\UI%28Icon Basic%29</Filter>
    </ClInclude>
    <ClInclude Include="UIHotKeyDlg.h">
      <Filter>Procedure - Main\UI\UI%28Skill Relative%29</Filter>
    </ClInclude>
    <ClInclude Include="UISkillTreeDlg.h">
      <Filter>Procedure - Main\UI\UI%28Skill Relative%29</Filter>
    </ClInclude>
    <ClInclude Include="ItemRepairMgr.h">
      <Filter>Procedure - Main\UI\UI%28Exchange &amp; Repair%29</Filter>
    </ClInclude>
    <ClInclude Include="UIItemExchange.h">
      <Filter>Procedure - Main\UI\UI%28Exchange &amp; Repair%29</Filter>
    </ClInclude>
    <ClInclude Include="UIRepairTooltipDlg.h">
      <Filter>Procedure - Main\UI\UI%28Exchange &amp; Repair%29</Filter>
    </ClInclude>
    <ClInclude Include="UIClassChange.h">
      <Filter>Procedure - Main\UI\UI%28Change &amp; Init%29</Filter>
    </ClInclude>
    <ClInclude Include="UINPCChangeEvent.h">
      <Filter>Procedure - Main\UI\UI%28Change &amp; Init%29</Filter>
    </ClInclude>
    <ClInclude Include="UIPointInitDlg.h">
      <Filter>Procedure - Main\UI\UI%28Change &amp; Init%29</Filter>
    </ClInclude>
    <ClInclude Include="UICreateClanName.h">
      <Filter>Procedure - Main\UI\UI%28Inn%29</Filter>
    </ClInclude>
    <ClInclude Include="UIInn.h">
      <Filter>Procedure - Main\UI\UI%28Inn%29</Filter>
    </ClInclude>
    <ClInclude Include="N3UIDBCLButton.h">
      <Filter>Procedure - Main\UI</Filter>
    </ClInclude>
    <ClInclude Include="UIChat.h">
      <Filter>Procedure - Main\UI</Filter>
    </ClInclude>
    <ClInclude Include="UICmd.h">
      <Filter>Procedure - Main\UI</Filter>
    </ClInclude>
    <ClInclude Include="UIDead.h">
      <Filter>Procedure - Main\UI</Filter>
    </ClInclude>
    <ClInclude Include="UIEndingDisplay.h">
      <Filter>Procedure - Main\UI</Filter>
    </ClInclude>
    <ClInclude Include="UIHelp.h">
      <Filter>Procedure - Main\UI</Filter>
    </ClInclude>
    <ClInclude Include="UIKnightsOperation.h">
      <Filter>Procedure - Main\UI</Filter>
    </ClInclude>
    <ClInclude Include="UILoading.h">
      <Filter>Procedure - Main\UI</Filter>
    </ClInclude>
    <ClInclude Include="UIManager.h">
      <Filter>Procedure - Main\UI</Filter>
    </ClInclude>
    <ClInclude Include="UIMessageBox.h">
      <Filter>Procedure - Main\UI</Filter>
    </ClInclude>
    <ClInclude Include="UIMessageBoxManager.h">
      <Filter>Procedure - Main\UI</Filter>
    </ClInclude>
    <ClInclude Include="UIMessageWnd.h">
      <Filter>Procedure - Main\UI</Filter>
    </ClInclude>
    <ClInclude Include="UINotice.h">
      <Filter>Procedure - Main\UI</Filter>
    </ClInclude>
    <ClInclude Include="UIPartyBBS.h">
      <Filter>Procedure - Main\UI</Filter>
    </ClInclude>
    <ClInclude Include="UIPartyBBSSelector.h">
      <Filter>Procedure - Main\UI</Filter>
    </ClInclude>
    <ClInclude Include="UIPartyOrForce.h">
      <Filter>Procedure - Main\UI</Filter>
    </ClInclude>
    <ClInclude Include="UIQuestMenu.h">
      <Filter>Procedure - Main\UI</Filter>
    </ClInclude>
    <ClInclude Include="UIQuestTalk.h">
      <Filter>Procedure - Main\UI</Filter>
    </ClInclude>
    <ClInclude Include="UIStateBar.h">
      <Filter>Procedure - Main\UI</Filter>
    </ClInclude>
    <ClInclude Include="UITargetBar.h">
      <Filter>Procedure - Main\UI</Filter>
    </ClInclude>
    <ClInclude Include="UITradeBBSEditDlg.h">
      <Filter>Procedure - Main\UI</Filter>
    </ClInclude>
    <ClInclude Include="UITradeBBSSelector.h">
      <Filter>Procedure - Main\UI</Filter>
    </ClInclude>
    <ClInclude Include="UITradeExplanation.h">
      <Filter>Procedure - Main\UI</Filter>
    </ClInclude>
    <ClInclude Include="UITradeSellBBS.h">
      <Filter>Procedure - Main\UI</Filter>
    </ClInclude>
    <ClInclude Include="UIVarious.h">
      <Filter>Procedure - Main\UI</Filter>
    </ClInclude>
    <ClInclude Include="UIWarp.h">
      <Filter>Procedure - Main\UI</Filter>
    </ClInclude>
    <ClInclude Include="SubProcPerTrade.h">
      <Filter>Procedure - Main\Procedure[Sub] - PerTrade</Filter>
    </ClInclude>
    <ClInclude Include="UIPerTradeDlg.h">
      <Filter>Procedure - Main\Procedure[Sub] - PerTrade</Filter>
    </ClInclude>
    <ClInclude Include="UITradeEditDlg.h">
      <Filter>Procedure - Main\Procedure[Sub] - PerTrade</Filter>
    </ClInclude>
    <ClInclude Include="MagicSkillMng.h">
      <Filter>Procedure - Main\MagicSkill</Filter>
    </ClInclude>
    <ClInclude Include="..\N3BASE\N3Cloud.h">
      <Filter>Procedure - Main\World Manager\Terrain Manager\N3Sky</Filter>
    </ClInclude>
    <ClInclude Include="..\N3BASE\N3ColorChange.h">
      <Filter>Procedure - Main\World Manager\Terrain Manager\N3Sky</Filter>
    </ClInclude>
    <ClInclude Include="..\N3Base\N3GERain.h">
      <Filter>Procedure - Main\World Manager\Terrain Manager\N3Sky</Filter>
    </ClInclude>
    <ClInclude Include="..\N3Base\N3GESnow.h">
      <Filter>Procedure - Main\World Manager\Terrain Manager\N3Sky</Filter>
    </ClInclude>
    <ClInclude Include="..\N3Base\N3GlobalEffect.h">
      <Filter>Procedure - Main\World Manager\Terrain Manager\N3Sky</Filter>
    </ClInclude>
    <ClInclude Include="..\N3BASE\N3Moon.h">
      <Filter>Procedure - Main\World Manager\Terrain Manager\N3Sky</Filter>
    </ClInclude>
    <ClInclude Include="..\N3BASE\N3Sky.h">
      <Filter>Procedure - Main\World Manager\Terrain Manager\N3Sky</Filter>
    </ClInclude>
    <ClInclude Include="..\N3BASE\N3SkyMng.h">
      <Filter>Procedure - Main\World Manager\Terrain Manager\N3Sky</Filter>
    </ClInclude>
    <ClInclude Include="..\N3BASE\N3Star.h">
      <Filter>Procedure - Main\World Manager\Terrain Manager\N3Sky</Filter>
    </ClInclude>
    <ClInclude Include="..\N3BASE\N3Sun.h">
      <Filter>Procedure - Main\World Manager\Terrain Manager\N3Sky</Filter>
    </ClInclude>
    <ClInclude Include="N3Terrain.h">
      <Filter>Procedure - Main\World Manager\Terrain Manager\N3Terrain</Filter>
    </ClInclude>
    <ClInclude Include="N3TerrainDef.h">
      <Filter>Procedure - Main\World Manager\Terrain Manager\N3Terrain</Filter>
    </ClInclude>
    <ClInclude Include="N3TerrainPatch.h">
      <Filter>Procedure - Main\World Manager\Terrain Manager\N3Terrain</Filter>
    </ClInclude>
    <ClInclude Include="..\N3Base\N3ShapeMgr.h">
      <Filter>Procedure - Main\World Manager\Terrain Manager\N3ShapeMgr</Filter>
    </ClInclude>
    <ClInclude Include="Bird.h">
      <Filter>Procedure - Main\World Manager\Terrain Manager\Misc</Filter>
    </ClInclude>
    <ClInclude Include="BirdMng.h">
      <Filter>Procedure - Main\World Manager\Terrain Manager\Misc</Filter>
    </ClInclude>
    <ClInclude Include="GrassBoard.h">
      <Filter>Procedure - Main\World Manager\Terrain Manager\Misc</Filter>
    </ClInclude>
    <ClInclude Include="LightMgr.h">
      <Filter>Procedure - Main\World Manager\Terrain Manager\Misc</Filter>
    </ClInclude>
    <ClInclude Include="..\N3BASE\N3Pond.h">
      <Filter>Procedure - Main\World Manager\Terrain Manager\Misc</Filter>
    </ClInclude>
    <ClInclude Include="..\N3BASE\N3River.h">
      <Filter>Procedure - Main\World Manager\Terrain Manager\Misc</Filter>
    </ClInclude>
    <ClInclude Include="ServerMesh.h">
      <Filter>Procedure - Main\World Manager\Terrain Manager\Misc</Filter>
    </ClInclude>
    <ClInclude Include="N3TerrainManager.h">
      <Filter>Procedure - Main\World Manager\Terrain Manager</Filter>
    </ClInclude>
    <ClInclude Include="PortalVolume.h">
      <Filter>Procedure - Main\World Manager\Dungeon Manager\PVS</Filter>
    </ClInclude>
    <ClInclude Include="PvsMgr.h">
      <Filter>Procedure - Main\World Manager\Dungeon Manager\PVS</Filter>
    </ClInclude>
    <ClInclude Include="DungeonManager.h">
      <Filter>Procedure - Main\World Manager\Dungeon Manager</Filter>
    </ClInclude>
    <ClInclude Include="N3WorldBase.h">
      <Filter>Procedure - Main\World Manager</Filter>
    </ClInclude>
    <ClInclude Include="N3WorldManager.h">
      <Filter>Procedure - Main\World Manager</Filter>
    </ClInclude>
    <ClInclude Include="GameProcMain.h">
      <Filter>Procedure - Main</Filter>
    </ClInclude>
    <ClInclude Include="GameProcOption.h">
      <Filter>Procedure - Option</Filter>
    </ClInclude>
    <ClInclude Include="GameProcNationSelect.h">
      <Filter>Procedure - Nation Select</Filter>
    </ClInclude>
    <ClInclude Include="UINationSelectDlg.h">
      <Filter>Procedure - Nation Select</Filter>
    </ClInclude>
    <ClInclude Include="KnightChrMgr.h">
      <Filter>Knight Charactor</Filter>
    </ClInclude>
    <ClInclude Include="SharedMem.h">
      <Filter>Knight Charactor</Filter>
    </ClInclude>
    <ClInclude Include="GameProcLogIn.h">
      <Filter>Procedure - LogIn</Filter>
    </ClInclude>
    <ClInclude Include="UILogin.h">
      <Filter>Procedure - LogIn</Filter>
    </ClInclude>
    <ClInclude Include="EventManager.h" />
    <ClInclude Include="GameBase.h" />
    <ClInclude Include="GameCursor.h" />
    <ClInclude Include="GameDef.h" />
    <ClInclude Include="GameEng.h" />
    <ClInclude Include="GameProcedure.h" />
    <ClInclude Include="..\JPEG\JpegFile.h" />
    <ClInclude Include="LocalInput.h" />
    <ClInclude Include="StdAfx.h" />
    <ClInclude Include="WarFareMain.h" />
    <ClInclude Include="WarMessage.h" />
  </ItemGroup>
  <ItemGroup>
    <ResourceCompile Include="Resource.rc">
      <Filter>Resource Files</Filter>
    </ResourceCompile>
  </ItemGroup>
  <ItemGroup>
    <Image Include="WarFare.ico">
      <Filter>Resource Files</Filter>
    </Image>
    <Image Include="Warfare_tw.ico">
      <Filter>Resource Files</Filter>
    </Image>
  </ItemGroup>
  <ItemGroup>
    <ClCompile Include="..\N3Base\N3UIBase.cpp">
      <Filter>N3Base\N3UI</Filter>
    </ClCompile>
    <ClCompile Include="..\N3Base\N3UIButton.cpp">
      <Filter>N3Base\N3UI</Filter>
    </ClCompile>
    <ClCompile Include="..\N3Base\N3UIEdit.cpp">
      <Filter>N3Base\N3UI</Filter>
    </ClCompile>
    <ClCompile Include="..\N3Base\N3UIImage.cpp">
      <Filter>N3Base\N3UI</Filter>
    </ClCompile>
    <ClCompile Include="..\N3BASE\N3UIList.cpp">
      <Filter>N3Base\N3UI</Filter>
    </ClCompile>
    <ClCompile Include="..\N3Base\N3UIProgress.cpp">
      <Filter>N3Base\N3UI</Filter>
    </ClCompile>
    <ClCompile Include="..\N3Base\N3UIScrollBar.cpp">
      <Filter>N3Base\N3UI</Filter>
    </ClCompile>
    <ClCompile Include="..\N3Base\N3UIStatic.cpp">
      <Filter>N3Base\N3UI</Filter>
    </ClCompile>
    <ClCompile Include="..\N3Base\N3UIString.cpp">
      <Filter>N3Base\N3UI</Filter>
    </ClCompile>
    <ClCompile Include="..\N3Base\N3UITooltip.cpp">
      <Filter>N3Base\N3UI</Filter>
    </ClCompile>
    <ClCompile Include="..\N3Base\N3UITrackBar.cpp">
      <Filter>N3Base\N3UI</Filter>
    </ClCompile>
    <ClCompile Include="..\N3Base\BitMapFile.cpp">
      <Filter>N3Base\Core</Filter>
    </ClCompile>
    <ClCompile Include="..\N3BASE\DFont.cpp">
      <Filter>N3Base\Core</Filter>
    </ClCompile>
    <ClCompile Include="..\N3Base\JPEG.CPP">
      <Filter>N3Base\Core</Filter>
    </ClCompile>
    <ClCompile Include="..\N3BASE\LogWriter.cpp">
      <Filter>N3Base\Core</Filter>
    </ClCompile>
    <ClCompile Include="..\N3Base\N3AlphaPrimitiveManager.cpp">
      <Filter>N3Base\Core</Filter>
    </ClCompile>
    <ClCompile Include="..\N3BASE\N3AnimatedTexures.cpp">
      <Filter>N3Base\Core</Filter>
    </ClCompile>
    <ClCompile Include="..\N3Base\N3AnimControl.cpp">
      <Filter>N3Base\Core</Filter>
    </ClCompile>
    <ClCompile Include="..\N3Base\N3AnimKey.cpp">
      <Filter>N3Base\Core</Filter>
    </ClCompile>
    <ClCompile Include="..\N3Base\N3Base.cpp">
      <Filter>N3Base\Core</Filter>
    </ClCompile>
    <ClCompile Include="..\N3Base\N3BaseFileAccess.cpp">
      <Filter>N3Base\Core</Filter>
    </ClCompile>
    <ClCompile Include="..\N3Base\N3Board.cpp">
      <Filter>N3Base\Core</Filter>
    </ClCompile>
    <ClCompile Include="..\N3Base\N3Camera.cpp">
      <Filter>N3Base\Core</Filter>
    </ClCompile>
    <ClCompile Include="..\N3BASE\N3Cloak.cpp">
      <Filter>N3Base\Core</Filter>
    </ClCompile>
    <ClCompile Include="..\N3Base\N3Eng.cpp">
      <Filter>N3Base\Core</Filter>
    </ClCompile>
    <ClCompile Include="..\N3BASE\N3FXPlug.cpp">
      <Filter>N3Base\Core</Filter>
    </ClCompile>
    <ClCompile Include="..\N3Base\N3IMesh.cpp">
      <Filter>N3Base\Core</Filter>
    </ClCompile>
    <ClCompile Include="..\N3Base\N3Joint.cpp">
      <Filter>N3Base\Core</Filter>
    </ClCompile>
    <ClCompile Include="..\N3Base\N3Light.cpp">
      <Filter>N3Base\Core</Filter>
    </ClCompile>
    <ClCompile Include="..\N3Base\N3Mesh.cpp">
      <Filter>N3Base\Core</Filter>
    </ClCompile>
    <ClCompile Include="..\N3Base\N3PMesh.cpp">
      <Filter>N3Base\Core</Filter>
    </ClCompile>
    <ClCompile Include="..\N3Base\N3PMeshInstance.cpp">
      <Filter>N3Base\Core</Filter>
    </ClCompile>
    <ClCompile Include="..\N3Base\N3Shape.cpp">
      <Filter>N3Base\Core</Filter>
    </ClCompile>
    <ClCompile Include="..\N3Base\N3ShapeExtra.cpp">
      <Filter>N3Base\Core</Filter>
    </ClCompile>
    <ClCompile Include="..\N3Base\N3Texture.cpp">
      <Filter>N3Base\Core</Filter>
    </ClCompile>
    <ClCompile Include="..\N3Base\N3Transform.cpp">
      <Filter>N3Base\Core</Filter>
    </ClCompile>
    <ClCompile Include="..\N3Base\N3TransformCollision.cpp">
      <Filter>N3Base\Core</Filter>
    </ClCompile>
    <ClCompile Include="..\N3Base\N3VMesh.cpp">
      <Filter>N3Base\Core</Filter>
    </ClCompile>
    <ClCompile Include="..\N3BASE\N3SndMgr.cpp">
      <Filter>SoundMgr</Filter>
    </ClCompile>
    <ClCompile Include="..\N3BASE\N3SndObj.cpp">
      <Filter>SoundMgr</Filter>
    </ClCompile>
    <ClCompile Include="..\N3BASE\N3SndObjStream.cpp">
      <Filter>SoundMgr</Filter>
    </ClCompile>
    <ClCompile Include="..\N3BASE\WaveFile.cpp">
      <Filter>SoundMgr</Filter>
    </ClCompile>
    <ClCompile Include="APISocket.cpp">
      <Filter>Network</Filter>
    </ClCompile>
    <ClCompile Include="Compress.cpp">
      <Filter>Network</Filter>
    </ClCompile>
    <ClCompile Include="GameProcCharacterCreate.cpp">
      <Filter>Procedure - Character Create</Filter>
    </ClCompile>
    <ClCompile Include="UICharacterCreate.cpp">
      <Filter>Procedure - Character Create</Filter>
    </ClCompile>
    <ClCompile Include="GameProcCharacterSelect.cpp">
      <Filter>Procedure - Character Select</Filter>
    </ClCompile>
    <ClCompile Include="UICharacterSelect.cpp">
      <Filter>Procedure - Character Select</Filter>
    </ClCompile>
    <ClCompile Include="..\N3Base\N3Chr.cpp">
      <Filter>Procedure - Main\Player\Common</Filter>
    </ClCompile>
    <ClCompile Include="..\N3Base\N3Skin.cpp">
      <Filter>Procedure - Main\Player\Common</Filter>
    </ClCompile>
    <ClCompile Include="PlayerBase.cpp">
      <Filter>Procedure - Main\Player\Common</Filter>
    </ClCompile>
    <ClCompile Include="PlayerNPC.cpp">
      <Filter>Procedure - Main\Player\Common</Filter>
    </ClCompile>
    <ClCompile Include="Catapult.cpp">
      <Filter>Procedure - Main\Player\Machine</Filter>
    </ClCompile>
    <ClCompile Include="MachineBase.cpp">
      <Filter>Procedure - Main\Player\Machine</Filter>
    </ClCompile>
    <ClCompile Include="MachineMng.cpp">
      <Filter>Procedure - Main\Player\Machine</Filter>
    </ClCompile>
    <ClCompile Include="PlayerMySelf.cpp">
      <Filter>Procedure - Main\Player</Filter>
    </ClCompile>
    <ClCompile Include="PlayerOther.cpp">
      <Filter>Procedure - Main\Player</Filter>
    </ClCompile>
    <ClCompile Include="PlayerOtherMgr.cpp">
      <Filter>Procedure - Main\Player</Filter>
    </ClCompile>
    <ClCompile Include="..\N3Base\N3FXBundle.cpp">
      <Filter>Procedure - Main\FX</Filter>
    </ClCompile>
    <ClCompile Include="N3FXBundleGame.cpp">
      <Filter>Procedure - Main\FX</Filter>
    </ClCompile>
    <ClCompile Include="N3FXMgr.cpp">
      <Filter>Procedure - Main\FX</Filter>
    </ClCompile>
    <ClCompile Include="..\N3Base\N3FXPartBase.cpp">
      <Filter>Procedure - Main\FX</Filter>
    </ClCompile>
    <ClCompile Include="..\N3Base\N3FXPartBillBoard.cpp">
      <Filter>Procedure - Main\FX</Filter>
    </ClCompile>
    <ClCompile Include="N3FXPartBillBoardGame.cpp">
      <Filter>Procedure - Main\FX</Filter>
    </ClCompile>
    <ClCompile Include="..\N3Base\N3FXPartBottomBoard.cpp">
      <Filter>Procedure - Main\FX</Filter>
    </ClCompile>
    <ClCompile Include="N3FXPartBottomBoardGame.cpp">
      <Filter>Procedure - Main\FX</Filter>
    </ClCompile>
    <ClCompile Include="..\N3Base\N3FXParticle.cpp">
      <Filter>Procedure - Main\FX</Filter>
    </ClCompile>
    <ClCompile Include="..\N3Base\N3FXPartMesh.cpp">
      <Filter>Procedure - Main\FX</Filter>
    </ClCompile>
    <ClCompile Include="..\N3Base\N3FXPartParticles.cpp">
      <Filter>Procedure - Main\FX</Filter>
    </ClCompile>
    <ClCompile Include="..\N3Base\N3FXPMesh.cpp">
      <Filter>Procedure - Main\FX</Filter>
    </ClCompile>
    <ClCompile Include="..\N3BASE\N3FXPMeshInstance.cpp">
      <Filter>Procedure - Main\FX</Filter>
    </ClCompile>
    <ClCompile Include="..\N3Base\N3FXShape.cpp">
      <Filter>Procedure - Main\FX</Filter>
    </ClCompile>
    <ClCompile Include="CountableItemEditDlg.cpp">
      <Filter>Procedure - Main\UI\UI%28Item Relative%29</Filter>
    </ClCompile>
    <ClCompile Include="UIDroppedItemDlg.cpp">
      <Filter>Procedure - Main\UI\UI%28Item Relative%29</Filter>
    </ClCompile>
    <ClCompile Include="UIImageTooltipDlg.cpp">
      <Filter>Procedure - Main\UI\UI%28Item Relative%29</Filter>
    </ClCompile>
    <ClCompile Include="UIInventory.cpp">
      <Filter>Procedure - Main\UI\UI%28Item Relative%29</Filter>
    </ClCompile>
    <ClCompile Include="UITransactionDlg.cpp">
      <Filter>Procedure - Main\UI\UI%28Item Relative%29</Filter>
    </ClCompile>
    <ClCompile Include="UIWareHouseDlg.cpp">
      <Filter>Procedure - Main\UI\UI%28Item Relative%29</Filter>
    </ClCompile>
    <ClCompile Include="..\N3BASE\N3UIArea.cpp">
      <Filter>Procedure - Main\UI\UI%28Icon Basic%29</Filter>
    </ClCompile>
    <ClCompile Include="N3UIIcon.cpp">
      <Filter>Procedure - Main\UI\UI%28Icon Basic%29</Filter>
    </ClCompile>
    <ClCompile Include="N3UIWndBase.cpp">
      <Filter>Procedure - Main\UI\UI%28Icon Basic%29</Filter>
    </ClCompile>
    <ClCompile Include="UINPCEvent.cpp">
      <Filter>Procedure - Main\UI\UI%28Icon Basic%29</Filter>
    </ClCompile>
    <ClCompile Include="UINpcTalk.cpp">
      <Filter>Procedure - Main\UI\UI%28Icon Basic%29</Filter>
    </ClCompile>
    <ClCompile Include="UIHotKeyDlg.cpp">
      <Filter>Procedure - Main\UI\UI%28Skill Relative%29</Filter>
    </ClCompile>
    <ClCompile Include="UISkillTreeDlg.cpp">
      <Filter>Procedure - Main\UI\UI%28Skill Relative%29</Filter>
    </ClCompile>
    <ClCompile Include="ItemRepairMgr.cpp">
      <Filter>Procedure - Main\UI\UI%28Exchange &amp; Repair%29</Filter>
    </ClCompile>
    <ClCompile Include="UIItemExchange.cpp">
      <Filter>Procedure - Main\UI\UI%28Exchange &amp; Repair%29</Filter>
    </ClCompile>
    <ClCompile Include="UIRepairTooltipDlg.cpp">
      <Filter>Procedure - Main\UI\UI%28Exchange &amp; Repair%29</Filter>
    </ClCompile>
    <ClCompile Include="UIClassChange.cpp">
      <Filter>Procedure - Main\UI\UI%28Change &amp; Init%29</Filter>
    </ClCompile>
    <ClCompile Include="UINPCChangeEvent.cpp">
      <Filter>Procedure - Main\UI\UI%28Change &amp; Init%29</Filter>
    </ClCompile>
    <ClCompile Include="UIPointInitDlg.cpp">
      <Filter>Procedure - Main\UI\UI%28Change &amp; Init%29</Filter>
    </ClCompile>
    <ClCompile Include="UICreateClanName.cpp">
      <Filter>Procedure - Main\UI\UI%28Inn%29</Filter>
    </ClCompile>
    <ClCompile Include="UIInn.cpp">
      <Filter>Procedure - Main\UI\UI%28Inn%29</Filter>
    </ClCompile>
    <ClCompile Include="N3UIDBCLButton.cpp">
      <Filter>Procedure - Main\UI</Filter>
    </ClCompile>
    <ClCompile Include="UIChat.cpp">
      <Filter>Procedure - Main\UI</Filter>
    </ClCompile>
    <ClCompile Include="UICmd.cpp">
      <Filter>Procedure - Main\UI</Filter>
    </ClCompile>
    <ClCompile Include="UIDead.cpp">
      <Filter>Procedure - Main\UI</Filter>
    </ClCompile>
    <ClCompile Include="UIEndingDisplay.cpp">
      <Filter>Procedure - Main\UI</Filter>
    </ClCompile>
    <ClCompile Include="UIHelp.cpp">
      <Filter>Procedure - Main\UI</Filter>
    </ClCompile>
    <ClCompile Include="UIKnightsOperation.cpp">
      <Filter>Procedure - Main\UI</Filter>
    </ClCompile>
    <ClCompile Include="UILoading.cpp">
      <Filter>Procedure - Main\UI</Filter>
    </ClCompile>
    <ClCompile Include="UIManager.cpp">
      <Filter>Procedure - Main\UI</Filter>
    </ClCompile>
    <ClCompile Include="UIMessageBox.cpp">
      <Filter>Procedure - Main\UI</Filter>
    </ClCompile>
    <ClCompile Include="UIMessageBoxManager.cpp">
      <Filter>Procedure - Main\UI</Filter>
    </ClCompile>
    <ClCompile Include="UIMessageWnd.cpp">
      <Filter>Procedure - Main\UI</Filter>
    </ClCompile>
    <ClCompile Include="UINotice.cpp">
      <Filter>Procedure - Main\UI</Filter>
    </ClCompile>
    <ClCompile Include="UIPartyBBS.cpp">
      <Filter>Procedure - Main\UI</Filter>
    </ClCompile>
    <ClCompile Include="UIPartyBBSSelector.cpp">
      <Filter>Procedure - Main\UI</Filter>
    </ClCompile>
    <ClCompile Include="UIPartyOrForce.cpp">
      <Filter>Procedure - Main\UI</Filter>
    </ClCompile>
    <ClCompile Include="UIQuestMenu.cpp">
      <Filter>Procedure - Main\UI</Filter>
    </ClCompile>
    <ClCompile Include="UIQuestTalk.cpp">
      <Filter>Procedure - Main\UI</Filter>
    </ClCompile>
    <ClCompile Include="UIStateBar.cpp">
      <Filter>Procedure - Main\UI</Filter>
    </ClCompile>
    <ClCompile Include="UITargetBar.cpp">
      <Filter>Procedure - Main\UI</Filter>
    </ClCompile>
    <ClCompile Include="UITradeBBSEditDlg.cpp">
      <Filter>Procedure - Main\UI</Filter>
    </ClCompile>
    <ClCompile Include="UITradeBBSSelector.cpp">
      <Filter>Procedure - Main\UI</Filter>
    </ClCompile>
    <ClCompile Include="UITradeExplanation.cpp">
      <Filter>Procedure - Main\UI</Filter>
    </ClCompile>
    <ClCompile Include="UITradeSellBBS.cpp">
      <Filter>Procedure - Main\UI</Filter>
    </ClCompile>
    <ClCompile Include="UIVarious.cpp">
      <Filter>Procedure - Main\UI</Filter>
    </ClCompile>
    <ClCompile Include="UIWarp.cpp">
      <Filter>Procedure - Main\UI</Filter>
    </ClCompile>
    <ClCompile Include="SubProcPerTrade.cpp">
      <Filter>Procedure - Main\Procedure[Sub] - PerTrade</Filter>
    </ClCompile>
    <ClCompile Include="UIPerTradeDlg.cpp">
      <Filter>Procedure - Main\Procedure[Sub] - PerTrade</Filter>
    </ClCompile>
    <ClCompile Include="UITradeEditDlg.cpp">
      <Filter>Procedure - Main\Procedure[Sub] - PerTrade</Filter>
    </ClCompile>
    <ClCompile Include="MagicSkillMng.cpp">
      <Filter>Procedure - Main\MagicSkill</Filter>
    </ClCompile>
    <ClCompile Include="..\N3BASE\N3Cloud.cpp">
      <Filter>Procedure - Main\World Manager\Terrain Manager\N3Sky</Filter>
    </ClCompile>
    <ClCompile Include="..\N3BASE\N3ColorChange.cpp">
      <Filter>Procedure - Main\World Manager\Terrain Manager\N3Sky</Filter>
    </ClCompile>
    <ClCompile Include="..\N3Base\N3GERain.cpp">
      <Filter>Procedure - Main\World Manager\Terrain Manager\N3Sky</Filter>
    </ClCompile>
    <ClCompile Include="..\N3Base\N3GESnow.cpp">
      <Filter>Procedure - Main\World Manager\Terrain Manager\N3Sky</Filter>
    </ClCompile>
    <ClCompile Include="..\N3Base\N3GlobalEffect.cpp">
      <Filter>Procedure - Main\World Manager\Terrain Manager\N3Sky</Filter>
    </ClCompile>
    <ClCompile Include="..\N3BASE\N3Moon.cpp">
      <Filter>Procedure - Main\World Manager\Terrain Manager\N3Sky</Filter>
    </ClCompile>
    <ClCompile Include="..\N3BASE\N3Sky.cpp">
      <Filter>Procedure - Main\World Manager\Terrain Manager\N3Sky</Filter>
    </ClCompile>
    <ClCompile Include="..\N3BASE\N3SkyMng.cpp">
      <Filter>Procedure - Main\World Manager\Terrain Manager\N3Sky</Filter>
    </ClCompile>
    <ClCompile Include="..\N3BASE\N3Star.cpp">
      <Filter>Procedure - Main\World Manager\Terrain Manager\N3Sky</Filter>
    </ClCompile>
    <ClCompile Include="..\N3BASE\N3Sun.cpp">
      <Filter>Procedure - Main\World Manager\Terrain Manager\N3Sky</Filter>
    </ClCompile>
    <ClCompile Include="N3Terrain.cpp">
      <Filter>Procedure - Main\World Manager\Terrain Manager\N3Terrain</Filter>
    </ClCompile>
    <ClCompile Include="N3TerrainPatch.cpp">
      <Filter>Procedure - Main\World Manager\Terrain Manager\N3Terrain</Filter>
    </ClCompile>
    <ClCompile Include="..\N3Base\N3ShapeMgr.cpp">
      <Filter>Procedure - Main\World Manager\Terrain Manager\N3ShapeMgr</Filter>
    </ClCompile>
    <ClCompile Include="Bird.cpp">
      <Filter>Procedure - Main\World Manager\Terrain Manager\Misc</Filter>
    </ClCompile>
    <ClCompile Include="BirdMng.cpp">
      <Filter>Procedure - Main\World Manager\Terrain Manager\Misc</Filter>
    </ClCompile>
    <ClCompile Include="GrassBoard.cpp">
      <Filter>Procedure - Main\World Manager\Terrain Manager\Misc</Filter>
    </ClCompile>
    <ClCompile Include="LightMgr.cpp">
      <Filter>Procedure - Main\World Manager\Terrain Manager\Misc</Filter>
    </ClCompile>
    <ClCompile Include="..\N3BASE\N3Pond.cpp">
      <Filter>Procedure - Main\World Manager\Terrain Manager\Misc</Filter>
    </ClCompile>
    <ClCompile Include="..\N3BASE\N3River.cpp">
      <Filter>Procedure - Main\World Manager\Terrain Manager\Misc</Filter>
    </ClCompile>
    <ClCompile Include="ServerMesh.cpp">
      <Filter>Procedure - Main\World Manager\Terrain Manager\Misc</Filter>
    </ClCompile>
    <ClCompile Include="N3TerrainManager.cpp">
      <Filter>Procedure - Main\World Manager\Terrain Manager</Filter>
    </ClCompile>
    <ClCompile Include="PortalVolume.cpp">
      <Filter>Procedure - Main\World Manager\Dungeon Manager\PVS</Filter>
    </ClCompile>
    <ClCompile Include="PvsMgr.cpp">
      <Filter>Procedure - Main\World Manager\Dungeon Manager\PVS</Filter>
    </ClCompile>
    <ClCompile Include="DungeonManager.cpp">
      <Filter>Procedure - Main\World Manager\Dungeon Manager</Filter>
    </ClCompile>
    <ClCompile Include="N3WorldBase.cpp">
      <Filter>Procedure - Main\World Manager</Filter>
    </ClCompile>
    <ClCompile Include="N3WorldManager.cpp">
      <Filter>Procedure - Main\World Manager</Filter>
    </ClCompile>
    <ClCompile Include="GameProcMain.cpp">
      <Filter>Procedure - Main</Filter>
    </ClCompile>
    <ClCompile Include="GameProcOption.cpp">
      <Filter>Procedure - Option</Filter>
    </ClCompile>
    <ClCompile Include="GameProcNationSelect.cpp">
      <Filter>Procedure - Nation Select</Filter>
    </ClCompile>
    <ClCompile Include="UINationSelectDlg.cpp">
      <Filter>Procedure - Nation Select</Filter>
    </ClCompile>
    <ClCompile Include="KnightChrMgr.cpp">
      <Filter>Knight Charactor</Filter>
    </ClCompile>
    <ClCompile Include="SharedMem.cpp">
      <Filter>Knight Charactor</Filter>
    </ClCompile>
    <ClCompile Include="GameProcLogIn.cpp">
      <Filter>Procedure - LogIn</Filter>
    </ClCompile>
    <ClCompile Include="UILogin.cpp">
      <Filter>Procedure - LogIn</Filter>
    </ClCompile>
    <ClCompile Include="EventManager.cpp" />
    <ClCompile Include="GameBase.cpp" />
    <ClCompile Include="GameCursor.cpp" />
    <ClCompile Include="GameEng.cpp" />
    <ClCompile Include="GameProcedure.cpp" />
    <ClCompile Include="..\JPEG\JpegFile.cpp" />
    <ClCompile Include="LocalInput.cpp" />
    <ClCompile Include="StdAfx.cpp" />
    <ClCompile Include="WarFareMain.cpp" />
    <ClCompile Include="WarMessage.cpp" />
  </ItemGroup>
  <ItemGroup>
    <Library Include="JvCryption.lib">
      <Filter>Network</Filter>
    </Library>
    <Library Include="Implode.lib">
      <Filter>Network</Filter>
    </Library>
  </ItemGroup>
  <ItemGroup>
    <CustomBuild Include="Cursor_Attack.cur">
      <Filter>Resource Files</Filter>
    </CustomBuild>
    <CustomBuild Include="Cursor_Click.cur">
      <Filter>Resource Files</Filter>
    </CustomBuild>
    <CustomBuild Include="cursor_click1.cur">
      <Filter>Resource Files</Filter>
    </CustomBuild>
    <CustomBuild Include="Cursor_Normal.cur">
      <Filter>Resource Files</Filter>
    </CustomBuild>
    <CustomBuild Include="cursor_normal1.cur">
      <Filter>Resource Files</Filter>
    </CustomBuild>
    <CustomBuild Include="repair0.cur">
      <Filter>Resource Files</Filter>
    </CustomBuild>
    <CustomBuild Include="repair1.cur">
      <Filter>Resource Files</Filter>
    </CustomBuild>
  </ItemGroup>
</Project>