<?xml version="1.0" encoding="utf-8"?>
<Project ToolsVersion="4.0" xmlns="http://schemas.microsoft.com/developer/msbuild/2003">
  <ItemGroup>
    <Filter Include="Resource Files">
      <UniqueIdentifier>{9d2941e8-df62-4524-bb13-a91fa0b50e5e}</UniqueIdentifier>
      <Extensions>ico;cur;bmp;dlg;rc2;rct;bin;rgs;gif;jpg;jpeg;jpe</Extensions>
    </Filter>
    <Filter Include="N3Base">
      <UniqueIdentifier>{92616e8c-b068-4a10-8c21-451d5cdf92b6}</UniqueIdentifier>
    </Filter>
    <Filter Include="N3Base\N3UI">
      <UniqueIdentifier>{1f9f9237-705e-467d-9f38-08d527a073a7}</UniqueIdentifier>
    </Filter>
    <Filter Include="N3Base\Core">
      <UniqueIdentifier>{0a389e47-57d0-4a41-9064-bca753db4403}</UniqueIdentifier>
    </Filter>
    <Filter Include="SoundMgr">
      <UniqueIdentifier>{f1f13054-3b9b-465f-b279-0adc0896893d}</UniqueIdentifier>
    </Filter>
    <Filter Include="Network">
      <UniqueIdentifier>{d0d0c405-92c2-4467-a5e3-24d56aeb3d48}</UniqueIdentifier>
    </Filter>
    <Filter Include="Procedure - Character Create">
      <UniqueIdentifier>{861880fe-6996-4ce1-940b-d4fbd141eaa6}</UniqueIdentifier>
    </Filter>
    <Filter Include="Procedure - Character Select">
      <UniqueIdentifier>{a0f8141e-28f8-47d7-803a-5f002a191b09}</UniqueIdentifier>
    </Filter>
    <Filter Include="Procedure - Main">
      <UniqueIdentifier>{f4120c7f-8b56-4920-ae17-4c542588f9e5}</UniqueIdentifier>
    </Filter>
    <Filter Include="Procedure - Main\Player">
      <UniqueIdentifier>{c8b124bf-2dfb-425b-87bc-59668539afd4}</UniqueIdentifier>
    </Filter>
    <Filter Include="Procedure - Main\Player\Common">
      <UniqueIdentifier>{838873b1-2931-4fae-8df4-6f3722e6947d}</UniqueIdentifier>
    </Filter>
    <Filter Include="Procedure - Main\Player\Machine">
      <UniqueIdentifier>{3bdcabb9-1c39-41a5-aa94-2a94a94fa738}</UniqueIdentifier>
    </Filter>
    <Filter Include="Procedure - Main\FX">
      <UniqueIdentifier>{a2fb6c6a-a7db-41da-8e07-9cbc42714e76}</UniqueIdentifier>
    </Filter>
    <Filter Include="Procedure - Main\UI">
      <UniqueIdentifier>{2831c5a7-ad27-43b0-b9f7-6df3299fb7f9}</UniqueIdentifier>
    </Filter>
    <Filter Include="Procedure - Main\UI\UI%28Item Relative%29">
      <UniqueIdentifier>{996d8ec2-088c-49db-a436-4af739e477f5}</UniqueIdentifier>
    </Filter>
    <Filter Include="Procedure - Main\UI\UI%28Icon Basic%29">
      <UniqueIdentifier>{23e2b742-3c5a-4bf3-98d2-3fd23823516c}</UniqueIdentifier>
    </Filter>
    <Filter Include="Procedure - Main\UI\UI%28Skill Relative%29">
      <UniqueIdentifier>{3bf97eb3-d840-45c9-bdc9-472d7b751ea8}</UniqueIdentifier>
    </Filter>
    <Filter Include="Procedure - Main\UI\UI%28Exchange &amp; Repair%29">
      <UniqueIdentifier>{368f5556-aad4-4e3c-8efd-bd54b0d3023b}</UniqueIdentifier>
    </Filter>
    <Filter Include="Procedure - Main\UI\UI%28Change &amp; Init%29">
      <UniqueIdentifier>{12841864-41e4-48d5-b8e7-038f8c9ce829}</UniqueIdentifier>
    </Filter>
    <Filter Include="Procedure - Main\UI\UI%28Inn%29">
      <UniqueIdentifier>{0758ece9-265f-4d4b-8a00-979eaa71d59b}</UniqueIdentifier>
    </Filter>
    <Filter Include="Procedure - Main\Procedure[Sub] - PerTrade">
      <UniqueIdentifier>{435803d3-d911-491d-b43a-27bd662c52dc}</UniqueIdentifier>
    </Filter>
    <Filter Include="Procedure - Main\MagicSkill">
      <UniqueIdentifier>{11e04f79-d4a0-4237-92bb-b175e943dc79}</UniqueIdentifier>
    </Filter>
    <Filter Include="Procedure - Main\World Manager">
      <UniqueIdentifier>{ec3625c8-49fd-432b-88e3-f1379e727c24}</UniqueIdentifier>
    </Filter>
    <Filter Include="Procedure - Main\World Manager\Terrain Manager">
      <UniqueIdentifier>{0e0fdf4c-4745-49c5-81f0-50db60e7afa0}</UniqueIdentifier>
    </Filter>
    <Filter Include="Procedure - Main\World Manager\Terrain Manager\N3Sky">
      <UniqueIdentifier>{bcc5a0fe-3a57-4936-8134-7c4d91499e71}</UniqueIdentifier>
    </Filter>
    <Filter Include="Procedure - Main\World Manager\Terrain Manager\N3Terrain">
      <UniqueIdentifier>{88aff5c2-be0f-4582-9f85-725ff9f53566}</UniqueIdentifier>
    </Filter>
    <Filter Include="Procedure - Main\World Manager\Terrain Manager\N3ShapeMgr">
      <UniqueIdentifier>{80342a2e-b6d8-474e-8a9e-072888f82cce}</UniqueIdentifier>
    </Filter>
    <Filter Include="Procedure - Main\World Manager\Terrain Manager\Misc">
      <UniqueIdentifier>{758f110f-24da-43a7-a931-67b281f30b30}</UniqueIdentifier>
    </Filter>
    <Filter Include="Procedure - Main\World Manager\Dungeon Manager">
      <UniqueIdentifier>{5162d73f-612c-4d7e-9f85-dbcac46f56b5}</UniqueIdentifier>
    </Filter>
    <Filter Include="Procedure - Main\World Manager\Dungeon Manager\PVS">
      <UniqueIdentifier>{1bed2006-3dd9-4843-a7fa-a3ee6bbb3c5c}</UniqueIdentifier>
    </Filter>
    <Filter Include="Procedure - Option">
      <UniqueIdentifier>{3ad7f8c4-1b31-471c-bfff-ce6ab000e6a3}</UniqueIdentifier>
    </Filter>
    <Filter Include="Procedure - Nation Select">
      <UniqueIdentifier>{9dc388ed-44d6-4474-8d23-8e55deaa9e26}</UniqueIdentifier>
    </Filter>
    <Filter Include="Knight Charactor">
      <UniqueIdentifier>{dc17de74-2d44-486d-9958-e025e826745b}</UniqueIdentifier>
    </Filter>
    <Filter Include="Procedure - LogIn">
      <UniqueIdentifier>{573b0eb6-b0c3-41d9-812d-d659945deba7}</UniqueIdentifier>
    </Filter>
    <Filter Include="Reference Header">
      <UniqueIdentifier>{9e046f77-7936-482a-a6b9-2154067ec102}</UniqueIdentifier>
    </Filter>
  </ItemGroup>
  <ItemGroup>
    <ClInclude Include="resource.h">
      <Filter>Resource Files</Filter>
    </ClInclude>
    <ClInclude Include="..\N3Base\N3UIBase.h">
      <Filter>N3Base\N3UI</Filter>
    </ClInclude>
    <ClInclude Include="..\N3Base\N3UIButton.h">
      <Filter>N3Base\N3UI</Filter>
    </ClInclude>
    <ClInclude Include="..\N3Base\N3UIDef.h">
      <Filter>N3Base\N3UI</Filter>
    </ClInclude>
    <ClInclude Include="..\N3Base\N3UIEdit.h">
      <Filter>N3Base\N3UI</Filter>
    </ClInclude>
    <ClInclude Include="..\N3Base\N3UIImage.h">
      <Filter>N3Base\N3UI</Filter>
    </ClInclude>
    <ClInclude Include="..\N3BASE\N3UIList.h">
      <Filter>N3Base\N3UI</Filter>
    </ClInclude>
    <ClInclude Include="..\N3Base\N3UIProgress.h">
      <Filter>N3Base\N3UI</Filter>
    </ClInclude>
    <ClInclude Include="..\N3Base\N3UIScrollBar.h">
      <Filter>N3Base\N3UI</Filter>
    </ClInclude>
    <ClInclude Include="..\N3Base\N3UIStatic.h">
      <Filter>N3Base\N3UI</Filter>
    </ClInclude>
    <ClInclude Include="..\N3Base\N3UIString.h">
      <Filter>N3Base\N3UI</Filter>
    </ClInclude>
    <ClInclude Include="..\N3Base\N3UITooltip.h">
      <Filter>N3Base\N3UI</Filter>
    </ClInclude>
    <ClInclude Include="..\N3Base\N3UITrackBar.h">
      <Filter>N3Base\N3UI</Filter>
    </ClInclude>
    <ClInclude Include="..\N3Base\BitMapFile.h">
      <Filter>N3Base\Core</Filter>
    </ClInclude>
    <ClInclude Include="..\N3BASE\DFont.h">
      <Filter>N3Base\Core</Filter>
    </ClInclude>
    <ClInclude Include="..\N3Base\JPEG.H">
      <Filter>N3Base\Core</Filter>
    </ClInclude>
    <ClInclude Include="..\N3BASE\LogWriter.h">
      <Filter>N3Base\Core</Filter>
    </ClInclude>
    <ClInclude Include="..\N3Base\My_3DStruct.h">
      <Filter>N3Base\Core</Filter>
    </ClInclude>
    <ClInclude Include="..\N3Base\N3AlphaPrimitiveManager.h">
      <Filter>N3Base\Core</Filter>
    </ClInclude>
    <ClInclude Include="..\N3BASE\N3AnimatedTexures.h">
      <Filter>N3Base\Core</Filter>
    </ClInclude>
    <ClInclude Include="..\N3Base\N3AnimControl.h">
      <Filter>N3Base\Core</Filter>
    </ClInclude>
    <ClInclude Include="..\N3Base\N3AnimKey.h">
      <Filter>N3Base\Core</Filter>
    </ClInclude>
    <ClInclude Include="..\N3Base\N3Base.h">
      <Filter>N3Base\Core</Filter>
    </ClInclude>
    <ClInclude Include="..\N3Base\N3BaseFileAccess.h">
      <Filter>N3Base\Core</Filter>
    </ClInclude>
    <ClInclude Include="..\N3Base\N3Board.h">
      <Filter>N3Base\Core</Filter>
    </ClInclude>
    <ClInclude Include="..\N3Base\N3Camera.h">
      <Filter>N3Base\Core</Filter>
    </ClInclude>
    <ClInclude Include="..\N3BASE\N3Cloak.h">
      <Filter>N3Base\Core</Filter>
    </ClInclude>
    <ClInclude Include="..\N3Base\N3Eng.h">
      <Filter>N3Base\Core</Filter>
    </ClInclude>
    <ClInclude Include="..\N3BASE\N3FXPlug.h">
      <Filter>N3Base\Core</Filter>
    </ClInclude>
    <ClInclude Include="..\N3Base\N3IMesh.h">
      <Filter>N3Base\Core</Filter>
    </ClInclude>
    <ClInclude Include="..\N3Base\N3Joint.h">
      <Filter>N3Base\Core</Filter>
    </ClInclude>
    <ClInclude Include="..\N3Base\N3Light.h">
      <Filter>N3Base\Core</Filter>
    </ClInclude>
    <ClInclude Include="..\N3Base\N3Mesh.h">
      <Filter>N3Base\Core</Filter>
    </ClInclude>
    <ClInclude Include="..\N3Base\N3Mng.h">
      <Filter>N3Base\Core</Filter>
    </ClInclude>
    <ClInclude Include="..\N3Base\N3PMesh.h">
      <Filter>N3Base\Core</Filter>
    </ClInclude>
    <ClInclude Include="..\N3Base\N3PMeshInstance.h">
      <Filter>N3Base\Core</Filter>
    </ClInclude>
    <ClInclude Include="..\N3Base\N3Shape.h">
      <Filter>N3Base\Core</Filter>
    </ClInclude>
    <ClInclude Include="..\N3Base\N3ShapeExtra.h">
      <Filter>N3Base\Core</Filter>
    </ClInclude>
    <ClInclude Include="..\N3BASE\N3TableBase.h">
      <Filter>N3Base\Core</Filter>
    </ClInclude>
    <ClInclude Include="..\N3Base\N3Texture.h">
      <Filter>N3Base\Core</Filter>
    </ClInclude>
    <ClInclude Include="..\N3Base\N3Transform.h">
      <Filter>N3Base\Core</Filter>
    </ClInclude>
    <ClInclude Include="..\N3Base\N3TransformCollision.h">
      <Filter>N3Base\Core</Filter>
    </ClInclude>
    <ClInclude Include="..\N3Base\N3VMesh.h">
      <Filter>N3Base\Core</Filter>
    </ClInclude>
    <ClInclude Include="..\N3Base\StdAfxBase.h">
      <Filter>N3Base\Core</Filter>
    </ClInclude>
    <ClInclude Include="..\N3BASE\N3SndDef.h">
      <Filter>SoundMgr</Filter>
    </ClInclude>
    <ClInclude Include="..\N3BASE\N3SndMgr.h">
      <Filter>SoundMgr</Filter>
    </ClInclude>
    <ClInclude Include="..\N3BASE\N3SndObj.h">
      <Filter>SoundMgr</Filter>
    </ClInclude>
    <ClInclude Include="..\N3BASE\N3SndObjStream.h">
      <Filter>SoundMgr</Filter>
    </ClInclude>
    <ClInclude Include="..\N3BASE\WaveFile.h">
      <Filter>SoundMgr</Filter>
    </ClInclude>
    <ClInclude Include="APISocket.h">
      <Filter>Network</Filter>
    </ClInclude>
    <ClInclude Include="Compress.h">
      <Filter>Network</Filter>
    </ClInclude>
    <ClInclude Include="IMPLODE.H">
      <Filter>Network</Filter>
    </ClInclude>
    <ClInclude Include="JvCryption.h">
      <Filter>Network</Filter>
    </ClInclude>
    <ClInclude Include="PacketDef.h">
      <Filter>Network</Filter>
    </ClInclude>
    <ClInclude Include="GameProcCharacterCreate.h">
      <Filter>Procedure - Character Create</Filter>
    </ClInclude>
    <ClInclude Include="UICharacterCreate.h">
      <Filter>Procedure - Character Create</Filter>
    </ClInclude>
    <ClInclude Include="GameProcCharacterSelect.h">
      <Filter>Procedure - Character Select</Filter>
    </ClInclude>
    <ClInclude Include="UICharacterSelect.h">
      <Filter>Procedure - Character Select</Filter>
    </ClInclude>
    <ClInclude Include="Bitset.h">
      <Filter>Procedure - Main\Player\Common</Filter>
    </ClInclude>
    <ClInclude Include="..\N3Base\N3Chr.h">
      <Filter>Procedure - Main\Player\Common</Filter>
    </ClInclude>
    <ClInclude Include="..\N3Base\N3Skin.h">
      <Filter>Procedure - Main\Player\Common</Filter>
    </ClInclude>
    <ClInclude Include="PlayerBase.h">
      <Filter>Procedure - Main\Player\Common</Filter>
    </ClInclude>
    <ClInclude Include="PlayerNPC.h">
      <Filter>Procedure - Main\Player\Common</Filter>
    </ClInclude>
    <ClInclude Include="Catapult.h">
      <Filter>Procedure - Main\Player\Machine</Filter>
    </ClInclude>
    <ClInclude Include="MachineBase.h">
      <Filter>Procedure - Main\Player\Machine</Filter>
    </ClInclude>
    <ClInclude Include="MachineMng.h">
      <Filter>Procedure - Main\Player\Machine</Filter>
    </ClInclude>
    <ClInclude Include="PlayerMySelf.h">
      <Filter>Procedure - Main\Player</Filter>
    </ClInclude>
    <ClInclude Include="PlayerOther.h">
      <Filter>Procedure - Main\Player</Filter>
    </ClInclude>
    <ClInclude Include="PlayerOtherMgr.h">
      <Filter>Procedure - Main\Player</Filter>
    </ClInclude>
    <ClInclude Include="..\N3Base\N3FXBundle.h">
      <Filter>Procedure - Main\FX</Filter>
    </ClInclude>
    <ClInclude Include="N3FXBundleGame.h">
      <Filter>Procedure - Main\FX</Filter>
    </ClInclude>
    <ClInclude Include="..\N3Base\N3FXDef.h">
      <Filter>Procedure - Main\FX</Filter>
    </ClInclude>
    <ClInclude Include="N3FXMgr.h">
      <Filter>Procedure - Main\FX</Filter>
    </ClInclude>
    <ClInclude Include="..\N3Base\N3FXPartBase.h">
      <Filter>Procedure - Main\FX</Filter>
    </ClInclude>
    <ClInclude Include="..\N3Base\N3FXPartBillBoard.h">
      <Filter>Procedure - Main\FX</Filter>
    </ClInclude>
    <ClInclude Include="N3FXPartBillBoardGame.h">
      <Filter>Procedure - Main\FX</Filter>
    </ClInclude>
    <ClInclude Include="..\N3Base\N3FXPartBottomBoard.h">
      <Filter>Procedure - Main\FX</Filter>
    </ClInclude>
    <ClInclude Include="N3FXPartBottomBoardGame.h">
      <Filter>Procedure - Main\FX</Filter>
    </ClInclude>
    <ClInclude Include="..\N3Base\N3FXParticle.h">
      <Filter>Procedure - Main\FX</Filter>
    </ClInclude>
    <ClInclude Include="..\N3Base\N3FXPartMesh.h">
      <Filter>Procedure - Main\FX</Filter>
    </ClInclude>
    <ClInclude Include="..\N3Base\N3FXPartParticles.h">
      <Filter>Procedure - Main\FX</Filter>
    </ClInclude>
    <ClInclude Include="..\N3Base\N3FXPMesh.h">
      <Filter>Procedure - Main\FX</Filter>
    </ClInclude>
    <ClInclude Include="..\N3BASE\N3FXPMeshInstance.h">
      <Filter>Procedure - Main\FX</Filter>
    </ClInclude>
    <ClInclude Include="..\N3Base\N3FXShape.h">
      <Filter>Procedure - Main\FX</Filter>
    </ClInclude>
    <ClInclude Include="CountableItemEditDlg.h">
      <Filter>Procedure - Main\UI\UI%28Item Relative%29</Filter>
    </ClInclude>
    <ClInclude Include="UIDroppedItemDlg.h">
      <Filter>Procedure - Main\UI\UI%28Item Relative%29</Filter>
    </ClInclude>
    <ClInclude Include="UIImageTooltipDlg.h">
      <Filter>Procedure - Main\UI\UI%28Item Relative%29</Filter>
    </ClInclude>
    <ClInclude Include="UIInventory.h">
      <Filter>Procedure - Main\UI\UI%28Item Relative%29</Filter>
    </ClInclude>
    <ClInclude Include="UITransactionDlg.h">
      <Filter>Procedure - Main\UI\UI%28Item Relative%29</Filter>
    </ClInclude>
    <ClInclude Include="UIWareHouseDlg.h">
      <Filter>Procedure - Main\UI\UI%28Item Relative%29</Filter>
    </ClInclude>
    <ClInclude Include="..\N3BASE\N3UIArea.h">
      <Filter>Procedure - Main\UI\UI%28Icon Basic%29</Filter>
    </ClInclude>
    <ClInclude Include="N3UIIcon.h">
      <Filter>Procedure - Main\UI\UI%28Icon Basic%29</Filter>
    </ClInclude>
    <ClInclude Include="N3UIWndBase.h">
      <Filter>Procedure - Main\UI\UI%28Icon Basic%29</Filter>
    </ClInclude>
    <ClInclude Include="UINPCEvent.h">
      <Filter>Procedure - Main\UI\UI%28Icon Basic%29</Filter>
    </ClInclude>
    <ClInclude Include="UINpcTalk.h">
      <Filter>Procedure - Main\UI\UI%28Icon Basic%29</Filter>
    </ClInclude>
    <ClInclude Include="UIHotKeyDlg.h">
      <Filter>Procedure - Main\UI\UI%28Skill Relative%29</Filter>
    </ClInclude>
    <ClInclude Include="UISkillTreeDlg.h">
      <Filter>Procedure - Main\UI\UI%28Skill Relative%29</Filter>
    </ClInclude>
    <ClInclude Include="ItemRepairMgr.h">
      <Filter>Procedure - Main\UI\UI%28Exchange &amp; Repair%29</Filter>
    </ClInclude>
    <ClInclude Include="UIItemExchange.h">
      <Filter>Procedure - Main\UI\UI%28Exchange &amp; Repair%29</Filter>
    </ClInclude>
    <ClInclude Include="UIRepairTooltipDlg.h">
      <Filter>Procedure - Main\UI\UI%28Exchange &amp; Repair%29</Filter>
    </ClInclude>
    <ClInclude Include="UIClassChange.h">
      <Filter>Procedure - Main\UI\UI%28Change &amp; Init%29</Filter>
    </ClInclude>
    <ClInclude Include="UINPCChangeEvent.h">
      <Filter>Procedure - Main\UI\UI%28Change &amp; Init%29</Filter>
    </ClInclude>
    <ClInclude Include="UIPointInitDlg.h">
      <Filter>Procedure - Main\UI\UI%28Change &amp; Init%29</Filter>
    </ClInclude>
    <ClInclude Include="UICreateClanName.h">
      <Filter>Procedure - Main\UI\UI%28Inn%29</Filter>
    </ClInclude>
    <ClInclude Include="UIInn.h">
      <Filter>Procedure - Main\UI\UI%28Inn%29</Filter>
    </ClInclude>
    <ClInclude Include="N3UIDBCLButton.h">
      <Filter>Procedure - Main\UI</Filter>
    </ClInclude>
    <ClInclude Include="UIChat.h">
      <Filter>Procedure - Main\UI</Filter>
    </ClInclude>
    <ClInclude Include="UICmd.h">
      <Filter>Procedure - Main\UI</Filter>
    </ClInclude>
    <ClInclude Include="UIDead.h">
      <Filter>Procedure - Main\UI</Filter>
    </ClInclude>
    <ClInclude Include="UIEndingDisplay.h">
      <Filter>Procedure - Main\UI</Filter>
    </ClInclude>
    <ClInclude Include="UIHelp.h">
      <Filter>Procedure - Main\UI</Filter>
    </ClInclude>
    <ClInclude Include="UIKnightsOperation.h">
      <Filter>Procedure - Main\UI</Filter>
    </ClInclude>
    <ClInclude Include="UILoading.h">
      <Filter>Procedure - Main\UI</Filter>
    </ClInclude>
    <ClInclude Include="UIManager.h">
      <Filter>Procedure - Main\UI</Filter>
    </ClInclude>
    <ClInclude Include="UIMessageBox.h">
      <Filter>Procedure - Main\UI</Filter>
    </ClInclude>
    <ClInclude Include="UIMessageBoxManager.h">
      <Filter>Procedure - Main\UI</Filter>
    </ClInclude>
    <ClInclude Include="UIMessageWnd.h">
      <Filter>Procedure - Main\UI</Filter>
    </ClInclude>
    <ClInclude Include="UINotice.h">
      <Filter>Procedure - Main\UI</Filter>
    </ClInclude>
    <ClInclude Include="UIPartyBBS.h">
      <Filter>Procedure - Main\UI</Filter>
    </ClInclude>
    <ClInclude Include="UIPartyBBSSelector.h">
      <Filter>Procedure - Main\UI</Filter>
    </ClInclude>
    <ClInclude Include="UIPartyOrForce.h">
      <Filter>Procedure - Main\UI</Filter>
    </ClInclude>
    <ClInclude Include="UIQuestMenu.h">
      <Filter>Procedure - Main\UI</Filter>
    </ClInclude>
    <ClInclude Include="UIQuestTalk.h">
      <Filter>Procedure - Main\UI</Filter>
    </ClInclude>
    <ClInclude Include="UIStateBar.h">
      <Filter>Procedure - Main\UI</Filter>
    </ClInclude>
    <ClInclude Include="UITargetBar.h">
      <Filter>Procedure - Main\UI</Filter>
    </ClInclude>
    <ClInclude Include="UITradeBBSEditDlg.h">
      <Filter>Procedure - Main\UI</Filter>
    </ClInclude>
    <ClInclude Include="UITradeBBSSelector.h">
      <Filter>Procedure - Main\UI</Filter>
    </ClInclude>
    <ClInclude Include="UITradeExplanation.h">
      <Filter>Procedure - Main\UI</Filter>
    </ClInclude>
    <ClInclude Include="UITradeSellBBS.h">
      <Filter>Procedure - Main\UI</Filter>
    </ClInclude>
    <ClInclude Include="UIVarious.h">
      <Filter>Procedure - Main\UI</Filter>
    </ClInclude>
    <ClInclude Include="UIWarp.h">
      <Filter>Procedure - Main\UI</Filter>
    </ClInclude>
    <ClInclude Include="SubProcPerTrade.h">
      <Filter>Procedure - Main\Procedure[Sub] - PerTrade</Filter>
    </ClInclude>
    <ClInclude Include="UIPerTradeDlg.h">
      <Filter>Procedure - Main\Procedure[Sub] - PerTrade</Filter>
    </ClInclude>
    <ClInclude Include="UITradeEditDlg.h">
      <Filter>Procedure - Main\Procedure[Sub] - PerTrade</Filter>
    </ClInclude>
    <ClInclude Include="MagicSkillMng.h">
      <Filter>Procedure - Main\MagicSkill</Filter>
    </ClInclude>
    <ClInclude Include="..\N3BASE\N3Cloud.h">
      <Filter>Procedure - Main\World Manager\Terrain Manager\N3Sky</Filter>
    </ClInclude>
    <ClInclude Include="..\N3BASE\N3ColorChange.h">
      <Filter>Procedure - Main\World Manager\Terrain Manager\N3Sky</Filter>
    </ClInclude>
    <ClInclude Include="..\N3Base\N3GERain.h">
      <Filter>Procedure - Main\World Manager\Terrain Manager\N3Sky</Filter>
    </ClInclude>
    <ClInclude Include="..\N3Base\N3GESnow.h">
      <Filter>Procedure - Main\World Manager\Terrain Manager\N3Sky</Filter>
    </ClInclude>
    <ClInclude Include="..\N3Base\N3GlobalEffect.h">
      <Filter>Procedure - Main\World Manager\Terrain Manager\N3Sky</Filter>
    </ClInclude>
    <ClInclude Include="..\N3BASE\N3Moon.h">
      <Filter>Procedure - Main\World Manager\Terrain Manager\N3Sky</Filter>
    </ClInclude>
    <ClInclude Include="..\N3BASE\N3Sky.h">
      <Filter>Procedure - Main\World Manager\Terrain Manager\N3Sky</Filter>
    </ClInclude>
    <ClInclude Include="..\N3BASE\N3SkyMng.h">
      <Filter>Procedure - Main\World Manager\Terrain Manager\N3Sky</Filter>
    </ClInclude>
    <ClInclude Include="..\N3BASE\N3Star.h">
      <Filter>Procedure - Main\World Manager\Terrain Manager\N3Sky</Filter>
    </ClInclude>
    <ClInclude Include="..\N3BASE\N3Sun.h">
      <Filter>Procedure - Main\World Manager\Terrain Manager\N3Sky</Filter>
    </ClInclude>
    <ClInclude Include="N3Terrain.h">
      <Filter>Procedure - Main\World Manager\Terrain Manager\N3Terrain</Filter>
    </ClInclude>
    <ClInclude Include="N3TerrainDef.h">
      <Filter>Procedure - Main\World Manager\Terrain Manager\N3Terrain</Filter>
    </ClInclude>
    <ClInclude Include="N3TerrainPatch.h">
      <Filter>Procedure - Main\World Manager\Terrain Manager\N3Terrain</Filter>
    </ClInclude>
    <ClInclude Include="..\N3Base\N3ShapeMgr.h">
      <Filter>Procedure - Main\World Manager\Terrain Manager\N3ShapeMgr</Filter>
    </ClInclude>
    <ClInclude Include="Bird.h">
      <Filter>Procedure - Main\World Manager\Terrain Manager\Misc</Filter>
    </ClInclude>
    <ClInclude Include="BirdMng.h">
      <Filter>Procedure - Main\World Manager\Terrain Manager\Misc</Filter>
    </ClInclude>
    <ClInclude Include="GrassBoard.h">
      <Filter>Procedure - Main\World Manager\Terrain Manager\Misc</Filter>
    </ClInclude>
    <ClInclude Include="LightMgr.h">
      <Filter>Procedure - Main\World Manager\Terrain Manager\Misc</Filter>
    </ClInclude>
    <ClInclude Include="..\N3BASE\N3Pond.h">
      <Filter>Procedure - Main\World Manager\Terrain Manager\Misc</Filter>
    </ClInclude>
    <ClInclude Include="..\N3BASE\N3River.h">
      <Filter>Procedure - Main\World Manager\Terrain Manager\Misc</Filter>
    </ClInclude>
    <ClInclude Include="ServerMesh.h">
      <Filter>Procedure - Main\World Manager\Terrain Manager\Misc</Filter>
    </ClInclude>
    <ClInclude Include="N3TerrainManager.h">
      <Filter>Procedure - Main\World Manager\Terrain Manager</Filter>
    </ClInclude>
    <ClInclude Include="PortalVolume.h">
      <Filter>Procedure - Main\World Manager\Dungeon Manager\PVS</Filter>
    </ClInclude>
    <ClInclude Include="PvsMgr.h">
      <Filter>Procedure - Main\World Manager\Dungeon Manager\PVS</Filter>
    </ClInclude>
    <ClInclude Include="DungeonManager.h">
      <Filter>Procedure - Main\World Manager\Dungeon Manager</Filter>
    </ClInclude>
    <ClInclude Include="N3WorldBase.h">
      <Filter>Procedure - Main\World Manager</Filter>
    </ClInclude>
    <ClInclude Include="N3WorldManager.h">
      <Filter>Procedure - Main\World Manager</Filter>
    </ClInclude>
    <ClInclude Include="GameProcMain.h">
      <Filter>Procedure - Main</Filter>
    </ClInclude>
    <ClInclude Include="GameProcOption.h">
      <Filter>Procedure - Option</Filter>
    </ClInclude>
    <ClInclude Include="GameProcNationSelect.h">
      <Filter>Procedure - Nation Select</Filter>
    </ClInclude>
    <ClInclude Include="UINationSelectDlg.h">
      <Filter>Procedure - Nation Select</Filter>
    </ClInclude>
    <ClInclude Include="KnightChrMgr.h">
      <Filter>Knight Charactor</Filter>
    </ClInclude>
    <ClInclude Include="SharedMem.h">
      <Filter>Knight Charactor</Filter>
    </ClInclude>
    <ClInclude Include="GameProcLogIn.h">
      <Filter>Procedure - LogIn</Filter>
    </ClInclude>
    <ClInclude Include="UILogin.h">
      <Filter>Procedure - LogIn</Filter>
    </ClInclude>
    <ClInclude Include="EventManager.h" />
    <ClInclude Include="GameBase.h" />
    <ClInclude Include="GameCursor.h" />
    <ClInclude Include="GameDef.h" />
    <ClInclude Include="GameEng.h" />
    <ClInclude Include="GameProcedure.h" />
    <ClInclude Include="..\JPEG\JpegFile.h" />
    <ClInclude Include="LocalInput.h" />
    <ClInclude Include="StdAfx.h" />
    <ClInclude Include="WarFareMain.h" />
    <ClInclude Include="WarMessage.h" />
  </ItemGroup>
  <ItemGroup>
    <ResourceCompile Include="Resource.rc">
      <Filter>Resource Files</Filter>
    </ResourceCompile>
  </ItemGroup>
  <ItemGroup>
    <Image Include="WarFare.ico">
      <Filter>Resource Files</Filter>
    </Image>
    <Image Include="Warfare_tw.ico">
      <Filter>Resource Files</Filter>
    </Image>
  </ItemGroup>
  <ItemGroup>
    <ClCompile Include="..\N3Base\N3UIBase.cpp">
      <Filter>N3Base\N3UI</Filter>
    </ClCompile>
    <ClCompile Include="..\N3Base\N3UIButton.cpp">
      <Filter>N3Base\N3UI</Filter>
    </ClCompile>
    <ClCompile Include="..\N3Base\N3UIEdit.cpp">
      <Filter>N3Base\N3UI</Filter>
    </ClCompile>
    <ClCompile Include="..\N3Base\N3UIImage.cpp">
      <Filter>N3Base\N3UI</Filter>
    </ClCompile>
    <ClCompile Include="..\N3BASE\N3UIList.cpp">
      <Filter>N3Base\N3UI</Filter>
    </ClCompile>
    <ClCompile Include="..\N3Base\N3UIProgress.cpp">
      <Filter>N3Base\N3UI</Filter>
    </ClCompile>
    <ClCompile Include="..\N3Base\N3UIScrollBar.cpp">
      <Filter>N3Base\N3UI</Filter>
    </ClCompile>
    <ClCompile Include="..\N3Base\N3UIStatic.cpp">
      <Filter>N3Base\N3UI</Filter>
    </ClCompile>
    <ClCompile Include="..\N3Base\N3UIString.cpp">
      <Filter>N3Base\N3UI</Filter>
    </ClCompile>
    <ClCompile Include="..\N3Base\N3UITooltip.cpp">
      <Filter>N3Base\N3UI</Filter>
    </ClCompile>
    <ClCompile Include="..\N3Base\N3UITrackBar.cpp">
      <Filter>N3Base\N3UI</Filter>
    </ClCompile>
    <ClCompile Include="..\N3Base\BitMapFile.cpp">
      <Filter>N3Base\Core</Filter>
    </ClCompile>
    <ClCompile Include="..\N3BASE\DFont.cpp">
      <Filter>N3Base\Core</Filter>
    </ClCompile>
    <ClCompile Include="..\N3Base\JPEG.CPP">
      <Filter>N3Base\Core</Filter>
    </ClCompile>
    <ClCompile Include="..\N3BASE\LogWriter.cpp">
      <Filter>N3Base\Core</Filter>
    </ClCompile>
    <ClCompile Include="..\N3Base\N3AlphaPrimitiveManager.cpp">
      <Filter>N3Base\Core</Filter>
    </ClCompile>
    <ClCompile Include="..\N3BASE\N3AnimatedTexures.cpp">
      <Filter>N3Base\Core</Filter>
    </ClCompile>
    <ClCompile Include="..\N3Base\N3AnimControl.cpp">
      <Filter>N3Base\Core</Filter>
    </ClCompile>
    <ClCompile Include="..\N3Base\N3AnimKey.cpp">
      <Filter>N3Base\Core</Filter>
    </ClCompile>
    <ClCompile Include="..\N3Base\N3Base.cpp">
      <Filter>N3Base\Core</Filter>
    </ClCompile>
    <ClCompile Include="..\N3Base\N3BaseFileAccess.cpp">
      <Filter>N3Base\Core</Filter>
    </ClCompile>
    <ClCompile Include="..\N3Base\N3Board.cpp">
      <Filter>N3Base\Core</Filter>
    </ClCompile>
    <ClCompile Include="..\N3Base\N3Camera.cpp">
      <Filter>N3Base\Core</Filter>
    </ClCompile>
    <ClCompile Include="..\N3BASE\N3Cloak.cpp">
      <Filter>N3Base\Core</Filter>
    </ClCompile>
    <ClCompile Include="..\N3Base\N3Eng.cpp">
      <Filter>N3Base\Core</Filter>
    </ClCompile>
    <ClCompile Include="..\N3BASE\N3FXPlug.cpp">
      <Filter>N3Base\Core</Filter>
    </ClCompile>
    <ClCompile Include="..\N3Base\N3IMesh.cpp">
      <Filter>N3Base\Core</Filter>
    </ClCompile>
    <ClCompile Include="..\N3Base\N3Joint.cpp">
      <Filter>N3Base\Core</Filter>
    </ClCompile>
    <ClCompile Include="..\N3Base\N3Light.cpp">
      <Filter>N3Base\Core</Filter>
    </ClCompile>
    <ClCompile Include="..\N3Base\N3Mesh.cpp">
      <Filter>N3Base\Core</Filter>
    </ClCompile>
    <ClCompile Include="..\N3Base\N3PMesh.cpp">
      <Filter>N3Base\Core</Filter>
    </ClCompile>
    <ClCompile Include="..\N3Base\N3PMeshInstance.cpp">
      <Filter>N3Base\Core</Filter>
    </ClCompile>
    <ClCompile Include="..\N3Base\N3Shape.cpp">
      <Filter>N3Base\Core</Filter>
    </ClCompile>
    <ClCompile Include="..\N3Base\N3ShapeExtra.cpp">
      <Filter>N3Base\Core</Filter>
    </ClCompile>
    <ClCompile Include="..\N3Base\N3Texture.cpp">
      <Filter>N3Base\Core</Filter>
    </ClCompile>
    <ClCompile Include="..\N3Base\N3Transform.cpp">
      <Filter>N3Base\Core</Filter>
    </ClCompile>
    <ClCompile Include="..\N3Base\N3TransformCollision.cpp">
      <Filter>N3Base\Core</Filter>
    </ClCompile>
    <ClCompile Include="..\N3Base\N3VMesh.cpp">
      <Filter>N3Base\Core</Filter>
    </ClCompile>
    <ClCompile Include="..\N3BASE\N3SndMgr.cpp">
      <Filter>SoundMgr</Filter>
    </ClCompile>
    <ClCompile Include="..\N3BASE\N3SndObj.cpp">
      <Filter>SoundMgr</Filter>
    </ClCompile>
    <ClCompile Include="..\N3BASE\N3SndObjStream.cpp">
      <Filter>SoundMgr</Filter>
    </ClCompile>
    <ClCompile Include="..\N3BASE\WaveFile.cpp">
      <Filter>SoundMgr</Filter>
    </ClCompile>
    <ClCompile Include="APISocket.cpp">
      <Filter>Network</Filter>
    </ClCompile>
    <ClCompile Include="Compress.cpp">
      <Filter>Network</Filter>
    </ClCompile>
    <ClCompile Include="GameProcCharacterCreate.cpp">
      <Filter>Procedure - Character Create</Filter>
    </ClCompile>
    <ClCompile Include="UICharacterCreate.cpp">
      <Filter>Procedure - Character Create</Filter>
    </ClCompile>
    <ClCompile Include="GameProcCharacterSelect.cpp">
      <Filter>Procedure - Character Select</Filter>
    </ClCompile>
    <ClCompile Include="UICharacterSelect.cpp">
      <Filter>Procedure - Character Select</Filter>
    </ClCompile>
    <ClCompile Include="..\N3Base\N3Chr.cpp">
      <Filter>Procedure - Main\Player\Common</Filter>
    </ClCompile>
    <ClCompile Include="..\N3Base\N3Skin.cpp">
      <Filter>Procedure - Main\Player\Common</Filter>
    </ClCompile>
    <ClCompile Include="PlayerBase.cpp">
      <Filter>Procedure - Main\Player\Common</Filter>
    </ClCompile>
    <ClCompile Include="PlayerNPC.cpp">
      <Filter>Procedure - Main\Player\Common</Filter>
    </ClCompile>
    <ClCompile Include="Catapult.cpp">
      <Filter>Procedure - Main\Player\Machine</Filter>
    </ClCompile>
    <ClCompile Include="MachineBase.cpp">
      <Filter>Procedure - Main\Player\Machine</Filter>
    </ClCompile>
    <ClCompile Include="MachineMng.cpp">
      <Filter>Procedure - Main\Player\Machine</Filter>
    </ClCompile>
    <ClCompile Include="PlayerMySelf.cpp">
      <Filter>Procedure - Main\Player</Filter>
    </ClCompile>
    <ClCompile Include="PlayerOther.cpp">
      <Filter>Procedure - Main\Player</Filter>
    </ClCompile>
    <ClCompile Include="PlayerOtherMgr.cpp">
      <Filter>Procedure - Main\Player</Filter>
    </ClCompile>
    <ClCompile Include="..\N3Base\N3FXBundle.cpp">
      <Filter>Procedure - Main\FX</Filter>
    </ClCompile>
    <ClCompile Include="N3FXBundleGame.cpp">
      <Filter>Procedure - Main\FX</Filter>
    </ClCompile>
    <ClCompile Include="N3FXMgr.cpp">
      <Filter>Procedure - Main\FX</Filter>
    </ClCompile>
    <ClCompile Include="..\N3Base\N3FXPartBase.cpp">
      <Filter>Procedure - Main\FX</Filter>
    </ClCompile>
    <ClCompile Include="..\N3Base\N3FXPartBillBoard.cpp">
      <Filter>Procedure - Main\FX</Filter>
    </ClCompile>
    <ClCompile Include="N3FXPartBillBoardGame.cpp">
      <Filter>Procedure - Main\FX</Filter>
    </ClCompile>
    <ClCompile Include="..\N3Base\N3FXPartBottomBoard.cpp">
      <Filter>Procedure - Main\FX</Filter>
    </ClCompile>
    <ClCompile Include="N3FXPartBottomBoardGame.cpp">
      <Filter>Procedure - Main\FX</Filter>
    </ClCompile>
    <ClCompile Include="..\N3Base\N3FXParticle.cpp">
      <Filter>Procedure - Main\FX</Filter>
    </ClCompile>
    <ClCompile Include="..\N3Base\N3FXPartMesh.cpp">
      <Filter>Procedure - Main\FX</Filter>
    </ClCompile>
    <ClCompile Include="..\N3Base\N3FXPartParticles.cpp">
      <Filter>Procedure - Main\FX</Filter>
    </ClCompile>
    <ClCompile Include="..\N3Base\N3FXPMesh.cpp">
      <Filter>Procedure - Main\FX</Filter>
    </ClCompile>
    <ClCompile Include="..\N3BASE\N3FXPMeshInstance.cpp">
      <Filter>Procedure - Main\FX</Filter>
    </ClCompile>
    <ClCompile Include="..\N3Base\N3FXShape.cpp">
      <Filter>Procedure - Main\FX</Filter>
    </ClCompile>
    <ClCompile Include="CountableItemEditDlg.cpp">
      <Filter>Procedure - Main\UI\UI%28Item Relative%29</Filter>
    </ClCompile>
    <ClCompile Include="UIDroppedItemDlg.cpp">
      <Filter>Procedure - Main\UI\UI%28Item Relative%29</Filter>
    </ClCompile>
    <ClCompile Include="UIImageTooltipDlg.cpp">
      <Filter>Procedure - Main\UI\UI%28Item Relative%29</Filter>
    </ClCompile>
    <ClCompile Include="UIInventory.cpp">
      <Filter>Procedure - Main\UI\UI%28Item Relative%29</Filter>
    </ClCompile>
    <ClCompile Include="UITransactionDlg.cpp">
      <Filter>Procedure - Main\UI\UI%28Item Relative%29</Filter>
    </ClCompile>
    <ClCompile Include="UIWareHouseDlg.cpp">
      <Filter>Procedure - Main\UI\UI%28Item Relative%29</Filter>
    </ClCompile>
    <ClCompile Include="..\N3BASE\N3UIArea.cpp">
      <Filter>Procedure - Main\UI\UI%28Icon Basic%29</Filter>
    </ClCompile>
    <ClCompile Include="N3UIIcon.cpp">
      <Filter>Procedure - Main\UI\UI%28Icon Basic%29</Filter>
    </ClCompile>
    <ClCompile Include="N3UIWndBase.cpp">
      <Filter>Procedure - Main\UI\UI%28Icon Basic%29</Filter>
    </ClCompile>
    <ClCompile Include="UINPCEvent.cpp">
      <Filter>Procedure - Main\UI\UI%28Icon Basic%29</Filter>
    </ClCompile>
    <ClCompile Include="UINpcTalk.cpp">
      <Filter>Procedure - Main\UI\UI%28Icon Basic%29</Filter>
    </ClCompile>
    <ClCompile Include="UIHotKeyDlg.cpp">
      <Filter>Procedure - Main\UI\UI%28Skill Relative%29</Filter>
    </ClCompile>
    <ClCompile Include="UISkillTreeDlg.cpp">
      <Filter>Procedure - Main\UI\UI%28Skill Relative%29</Filter>
    </ClCompile>
    <ClCompile Include="ItemRepairMgr.cpp">
      <Filter>Procedure - Main\UI\UI%28Exchange &amp; Repair%29</Filter>
    </ClCompile>
    <ClCompile Include="UIItemExchange.cpp">
      <Filter>Procedure - Main\UI\UI%28Exchange &amp; Repair%29</Filter>
    </ClCompile>
    <ClCompile Include="UIRepairTooltipDlg.cpp">
      <Filter>Procedure - Main\UI\UI%28Exchange &amp; Repair%29</Filter>
    </ClCompile>
    <ClCompile Include="UIClassChange.cpp">
      <Filter>Procedure - Main\UI\UI%28Change &amp; Init%29</Filter>
    </ClCompile>
    <ClCompile Include="UINPCChangeEvent.cpp">
      <Filter>Procedure - Main\UI\UI%28Change &amp; Init%29</Filter>
    </ClCompile>
    <ClCompile Include="UIPointInitDlg.cpp">
      <Filter>Procedure - Main\UI\UI%28Change &amp; Init%29</Filter>
    </ClCompile>
    <ClCompile Include="UICreateClanName.cpp">
      <Filter>Procedure - Main\UI\UI%28Inn%29</Filter>
    </ClCompile>
    <ClCompile Include="UIInn.cpp">
      <Filter>Procedure - Main\UI\UI%28Inn%29</Filter>
    </ClCompile>
    <ClCompile Include="N3UIDBCLButton.cpp">
      <Filter>Procedure - Main\UI</Filter>
    </ClCompile>
    <ClCompile Include="UIChat.cpp">
      <Filter>Procedure - Main\UI</Filter>
    </ClCompile>
    <ClCompile Include="UICmd.cpp">
      <Filter>Procedure - Main\UI</Filter>
    </ClCompile>
    <ClCompile Include="UIDead.cpp">
      <Filter>Procedure - Main\UI</Filter>
    </ClCompile>
    <ClCompile Include="UIEndingDisplay.cpp">
      <Filter>Procedure - Main\UI</Filter>
    </ClCompile>
    <ClCompile Include="UIHelp.cpp">
      <Filter>Procedure - Main\UI</Filter>
    </ClCompile>
    <ClCompile Include="UIKnightsOperation.cpp">
      <Filter>Procedure - Main\UI</Filter>
    </ClCompile>
    <ClCompile Include="UILoading.cpp">
      <Filter>Procedure - Main\UI</Filter>
    </ClCompile>
    <ClCompile Include="UIManager.cpp">
      <Filter>Procedure - Main\UI</Filter>
    </ClCompile>
    <ClCompile Include="UIMessageBox.cpp">
      <Filter>Procedure - Main\UI</Filter>
    </ClCompile>
    <ClCompile Include="UIMessageBoxManager.cpp">
      <Filter>Procedure - Main\UI</Filter>
    </ClCompile>
    <ClCompile Include="UIMessageWnd.cpp">
      <Filter>Procedure - Main\UI</Filter>
    </ClCompile>
    <ClCompile Include="UINotice.cpp">
      <Filter>Procedure - Main\UI</Filter>
    </ClCompile>
    <ClCompile Include="UIPartyBBS.cpp">
      <Filter>Procedure - Main\UI</Filter>
    </ClCompile>
    <ClCompile Include="UIPartyBBSSelector.cpp">
      <Filter>Procedure - Main\UI</Filter>
    </ClCompile>
    <ClCompile Include="UIPartyOrForce.cpp">
      <Filter>Procedure - Main\UI</Filter>
    </ClCompile>
    <ClCompile Include="UIQuestMenu.cpp">
      <Filter>Procedure - Main\UI</Filter>
    </ClCompile>
    <ClCompile Include="UIQuestTalk.cpp">
      <Filter>Procedure - Main\UI</Filter>
    </ClCompile>
    <ClCompile Include="UIStateBar.cpp">
      <Filter>Procedure - Main\UI</Filter>
    </ClCompile>
    <ClCompile Include="UITargetBar.cpp">
      <Filter>Procedure - Main\UI</Filter>
    </ClCompile>
    <ClCompile Include="UITradeBBSEditDlg.cpp">
      <Filter>Procedure - Main\UI</Filter>
    </ClCompile>
    <ClCompile Include="UITradeBBSSelector.cpp">
      <Filter>Procedure - Main\UI</Filter>
    </ClCompile>
    <ClCompile Include="UITradeExplanation.cpp">
      <Filter>Procedure - Main\UI</Filter>
    </ClCompile>
    <ClCompile Include="UITradeSellBBS.cpp">
      <Filter>Procedure - Main\UI</Filter>
    </ClCompile>
    <ClCompile Include="UIVarious.cpp">
      <Filter>Procedure - Main\UI</Filter>
    </ClCompile>
    <ClCompile Include="UIWarp.cpp">
      <Filter>Procedure - Main\UI</Filter>
    </ClCompile>
    <ClCompile Include="SubProcPerTrade.cpp">
      <Filter>Procedure - Main\Procedure[Sub] - PerTrade</Filter>
    </ClCompile>
    <ClCompile Include="UIPerTradeDlg.cpp">
      <Filter>Procedure - Main\Procedure[Sub] - PerTrade</Filter>
    </ClCompile>
    <ClCompile Include="UITradeEditDlg.cpp">
      <Filter>Procedure - Main\Procedure[Sub] - PerTrade</Filter>
    </ClCompile>
    <ClCompile Include="MagicSkillMng.cpp">
      <Filter>Procedure - Main\MagicSkill</Filter>
    </ClCompile>
    <ClCompile Include="..\N3BASE\N3Cloud.cpp">
      <Filter>Procedure - Main\World Manager\Terrain Manager\N3Sky</Filter>
    </ClCompile>
    <ClCompile Include="..\N3BASE\N3ColorChange.cpp">
      <Filter>Procedure - Main\World Manager\Terrain Manager\N3Sky</Filter>
    </ClCompile>
    <ClCompile Include="..\N3Base\N3GERain.cpp">
      <Filter>Procedure - Main\World Manager\Terrain Manager\N3Sky</Filter>
    </ClCompile>
    <ClCompile Include="..\N3Base\N3GESnow.cpp">
      <Filter>Procedure - Main\World Manager\Terrain Manager\N3Sky</Filter>
    </ClCompile>
    <ClCompile Include="..\N3Base\N3GlobalEffect.cpp">
      <Filter>Procedure - Main\World Manager\Terrain Manager\N3Sky</Filter>
    </ClCompile>
    <ClCompile Include="..\N3BASE\N3Moon.cpp">
      <Filter>Procedure - Main\World Manager\Terrain Manager\N3Sky</Filter>
    </ClCompile>
    <ClCompile Include="..\N3BASE\N3Sky.cpp">
      <Filter>Procedure - Main\World Manager\Terrain Manager\N3Sky</Filter>
    </ClCompile>
    <ClCompile Include="..\N3BASE\N3SkyMng.cpp">
      <Filter>Procedure - Main\World Manager\Terrain Manager\N3Sky</Filter>
    </ClCompile>
    <ClCompile Include="..\N3BASE\N3Star.cpp">
      <Filter>Procedure - Main\World Manager\Terrain Manager\N3Sky</Filter>
    </ClCompile>
    <ClCompile Include="..\N3BASE\N3Sun.cpp">
      <Filter>Procedure - Main\World Manager\Terrain Manager\N3Sky</Filter>
    </ClCompile>
    <ClCompile Include="N3Terrain.cpp">
      <Filter>Procedure - Main\World Manager\Terrain Manager\N3Terrain</Filter>
    </ClCompile>
    <ClCompile Include="N3TerrainPatch.cpp">
      <Filter>Procedure - Main\World Manager\Terrain Manager\N3Terrain</Filter>
    </ClCompile>
    <ClCompile Include="..\N3Base\N3ShapeMgr.cpp">
      <Filter>Procedure - Main\World Manager\Terrain Manager\N3ShapeMgr</Filter>
    </ClCompile>
    <ClCompile Include="Bird.cpp">
      <Filter>Procedure - Main\World Manager\Terrain Manager\Misc</Filter>
    </ClCompile>
    <ClCompile Include="BirdMng.cpp">
      <Filter>Procedure - Main\World Manager\Terrain Manager\Misc</Filter>
    </ClCompile>
    <ClCompile Include="GrassBoard.cpp">
      <Filter>Procedure - Main\World Manager\Terrain Manager\Misc</Filter>
    </ClCompile>
    <ClCompile Include="LightMgr.cpp">
      <Filter>Procedure - Main\World Manager\Terrain Manager\Misc</Filter>
    </ClCompile>
    <ClCompile Include="..\N3BASE\N3Pond.cpp">
      <Filter>Procedure - Main\World Manager\Terrain Manager\Misc</Filter>
    </ClCompile>
    <ClCompile Include="..\N3BASE\N3River.cpp">
      <Filter>Procedure - Main\World Manager\Terrain Manager\Misc</Filter>
    </ClCompile>
    <ClCompile Include="ServerMesh.cpp">
      <Filter>Procedure - Main\World Manager\Terrain Manager\Misc</Filter>
    </ClCompile>
    <ClCompile Include="N3TerrainManager.cpp">
      <Filter>Procedure - Main\World Manager\Terrain Manager</Filter>
    </ClCompile>
    <ClCompile Include="PortalVolume.cpp">
      <Filter>Procedure - Main\World Manager\Dungeon Manager\PVS</Filter>
    </ClCompile>
    <ClCompile Include="PvsMgr.cpp">
      <Filter>Procedure - Main\World Manager\Dungeon Manager\PVS</Filter>
    </ClCompile>
    <ClCompile Include="DungeonManager.cpp">
      <Filter>Procedure - Main\World Manager\Dungeon Manager</Filter>
    </ClCompile>
    <ClCompile Include="N3WorldBase.cpp">
      <Filter>Procedure - Main\World Manager</Filter>
    </ClCompile>
    <ClCompile Include="N3WorldManager.cpp">
      <Filter>Procedure - Main\World Manager</Filter>
    </ClCompile>
    <ClCompile Include="GameProcMain.cpp">
      <Filter>Procedure - Main</Filter>
    </ClCompile>
    <ClCompile Include="GameProcOption.cpp">
      <Filter>Procedure - Option</Filter>
    </ClCompile>
    <ClCompile Include="GameProcNationSelect.cpp">
      <Filter>Procedure - Nation Select</Filter>
    </ClCompile>
    <ClCompile Include="UINationSelectDlg.cpp">
      <Filter>Procedure - Nation Select</Filter>
    </ClCompile>
    <ClCompile Include="KnightChrMgr.cpp">
      <Filter>Knight Charactor</Filter>
    </ClCompile>
    <ClCompile Include="SharedMem.cpp">
      <Filter>Knight Charactor</Filter>
    </ClCompile>
    <ClCompile Include="GameProcLogIn.cpp">
      <Filter>Procedure - LogIn</Filter>
    </ClCompile>
    <ClCompile Include="UILogin.cpp">
      <Filter>Procedure - LogIn</Filter>
    </ClCompile>
    <ClCompile Include="EventManager.cpp" />
    <ClCompile Include="GameBase.cpp" />
    <ClCompile Include="GameCursor.cpp" />
    <ClCompile Include="GameEng.cpp" />
    <ClCompile Include="GameProcedure.cpp" />
    <ClCompile Include="..\JPEG\JpegFile.cpp" />
    <ClCompile Include="LocalInput.cpp" />
    <ClCompile Include="StdAfx.cpp" />
    <ClCompile Include="WarFareMain.cpp" />
    <ClCompile Include="WarMessage.cpp" />
  </ItemGroup>
  <ItemGroup>
    <Library Include="JvCryption.lib">
      <Filter>Network</Filter>
    </Library>
    <Library Include="Implode.lib">
      <Filter>Network</Filter>
    </Library>
  </ItemGroup>
  <ItemGroup>
    <CustomBuild Include="Cursor_Attack.cur">
      <Filter>Resource Files</Filter>
    </CustomBuild>
    <CustomBuild Include="Cursor_Click.cur">
      <Filter>Resource Files</Filter>
    </CustomBuild>
    <CustomBuild Include="cursor_click1.cur">
      <Filter>Resource Files</Filter>
    </CustomBuild>
    <CustomBuild Include="Cursor_Normal.cur">
      <Filter>Resource Files</Filter>
    </CustomBuild>
    <CustomBuild Include="cursor_normal1.cur">
      <Filter>Resource Files</Filter>
    </CustomBuild>
    <CustomBuild Include="repair0.cur">
      <Filter>Resource Files</Filter>
    </CustomBuild>
    <CustomBuild Include="repair1.cur">
      <Filter>Resource Files</Filter>
    </CustomBuild>
  </ItemGroup>
</Project>